// !$*UTF8*$!
{
	archiveVersion = 1;
	classes = {
	};
	objectVersion = 46;
	objects = {

/* Begin PBXBuildFile section */
		673DE247189CD51100CAB180 /* Foundation.framework in Frameworks */ = {isa = PBXBuildFile; fileRef = 673DE246189CD51000CAB180 /* Foundation.framework */; };
		673DE249189CD51100CAB180 /* CoreGraphics.framework in Frameworks */ = {isa = PBXBuildFile; fileRef = 673DE248189CD51100CAB180 /* CoreGraphics.framework */; };
		673DE24B189CD51100CAB180 /* UIKit.framework in Frameworks */ = {isa = PBXBuildFile; fileRef = 673DE24A189CD51100CAB180 /* UIKit.framework */; };
		673DE251189CD51100CAB180 /* InfoPlist.strings in Resources */ = {isa = PBXBuildFile; fileRef = 673DE24F189CD51100CAB180 /* InfoPlist.strings */; };
		673DE253189CD51100CAB180 /* main.m in Sources */ = {isa = PBXBuildFile; fileRef = 673DE252189CD51100CAB180 /* main.m */; };
		673DE257189CD51100CAB180 /* AppDelegate.m in Sources */ = {isa = PBXBuildFile; fileRef = 673DE256189CD51100CAB180 /* AppDelegate.m */; };
		673DE259189CD51100CAB180 /* Images.xcassets in Resources */ = {isa = PBXBuildFile; fileRef = 673DE258189CD51100CAB180 /* Images.xcassets */; };
		673DE28E189CD52400CAB180 /* GQuadItem.m in Sources */ = {isa = PBXBuildFile; fileRef = 673DE279189CD52400CAB180 /* GQuadItem.m */; };
		673DE28F189CD52400CAB180 /* GStaticCluster.m in Sources */ = {isa = PBXBuildFile; fileRef = 673DE27B189CD52400CAB180 /* GStaticCluster.m */; };
		673DE290189CD52400CAB180 /* NonHierarchicalDistanceBasedAlgorithm.m in Sources */ = {isa = PBXBuildFile; fileRef = 673DE27D189CD52400CAB180 /* NonHierarchicalDistanceBasedAlgorithm.m */; };
		673DE291189CD52400CAB180 /* GClusterManager.m in Sources */ = {isa = PBXBuildFile; fileRef = 673DE281189CD52400CAB180 /* GClusterManager.m */; };
		673DE292189CD52400CAB180 /* GDefaultClusterRenderer.m in Sources */ = {isa = PBXBuildFile; fileRef = 673DE285189CD52400CAB180 /* GDefaultClusterRenderer.m */; };
		673DE293189CD52400CAB180 /* GQTPointQuadTree.m in Sources */ = {isa = PBXBuildFile; fileRef = 673DE28A189CD52400CAB180 /* GQTPointQuadTree.m */; };
		673DE294189CD52400CAB180 /* GQTPointQuadTreeChild.m in Sources */ = {isa = PBXBuildFile; fileRef = 673DE28C189CD52400CAB180 /* GQTPointQuadTreeChild.m */; };
		673DE297189CD8B500CAB180 /* ClusterMapViewController.m in Sources */ = {isa = PBXBuildFile; fileRef = 673DE296189CD8B500CAB180 /* ClusterMapViewController.m */; };
		673DE29A189CDF1700CAB180 /* Spot.m in Sources */ = {isa = PBXBuildFile; fileRef = 673DE299189CDF1700CAB180 /* Spot.m */; };
		673DE29E189CE11800CAB180 /* AVFoundation.framework in Frameworks */ = {isa = PBXBuildFile; fileRef = 673DE29D189CE11800CAB180 /* AVFoundation.framework */; };
		673DE2A0189CE12600CAB180 /* CoreData.framework in Frameworks */ = {isa = PBXBuildFile; fileRef = 673DE29F189CE12600CAB180 /* CoreData.framework */; };
		673DE2A2189CE12A00CAB180 /* CoreLocation.framework in Frameworks */ = {isa = PBXBuildFile; fileRef = 673DE2A1189CE12A00CAB180 /* CoreLocation.framework */; };
		673DE2A4189CE12E00CAB180 /* CoreText.framework in Frameworks */ = {isa = PBXBuildFile; fileRef = 673DE2A3189CE12E00CAB180 /* CoreText.framework */; };
		673DE2A6189CE13900CAB180 /* GLKit.framework in Frameworks */ = {isa = PBXBuildFile; fileRef = 673DE2A5189CE13800CAB180 /* GLKit.framework */; };
		673DE2A8189CE13D00CAB180 /* ImageIO.framework in Frameworks */ = {isa = PBXBuildFile; fileRef = 673DE2A7189CE13D00CAB180 /* ImageIO.framework */; };
		673DE2AA189CE14D00CAB180 /* libc++.dylib in Frameworks */ = {isa = PBXBuildFile; fileRef = 673DE2A9189CE14D00CAB180 /* libc++.dylib */; };
		673DE2AC189CE16000CAB180 /* libz.dylib in Frameworks */ = {isa = PBXBuildFile; fileRef = 673DE2AB189CE16000CAB180 /* libz.dylib */; };
		673DE2AE189CE16B00CAB180 /* OpenGLES.framework in Frameworks */ = {isa = PBXBuildFile; fileRef = 673DE2AD189CE16B00CAB180 /* OpenGLES.framework */; };
		673DE2B0189CE16E00CAB180 /* QuartzCore.framework in Frameworks */ = {isa = PBXBuildFile; fileRef = 673DE2AF189CE16E00CAB180 /* QuartzCore.framework */; };
		673DE2B2189CE18100CAB180 /* SystemConfiguration.framework in Frameworks */ = {isa = PBXBuildFile; fileRef = 673DE2B1189CE18100CAB180 /* SystemConfiguration.framework */; };
		673DE2B5189CE41900CAB180 /* GoogleMaps.bundle in Resources */ = {isa = PBXBuildFile; fileRef = 673DE2B4189CE41900CAB180 /* GoogleMaps.bundle */; };
		6792B17D19AEDEE4004538D8 /* SphericalMercatorProjection.m in Sources */ = {isa = PBXBuildFile; fileRef = 6792B17C19AEDEE4004538D8 /* SphericalMercatorProjection.m */; };
		B3199FF119A8D2E4005B31CA /* GoogleMaps.framework in Frameworks */ = {isa = PBXBuildFile; fileRef = B3199FF019A8D2E4005B31CA /* GoogleMaps.framework */; };
/* End PBXBuildFile section */

/* Begin PBXFileReference section */
		673DE243189CD51000CAB180 /* Google Maps iOS Example.app */ = {isa = PBXFileReference; explicitFileType = wrapper.application; includeInIndex = 0; path = "Google Maps iOS Example.app"; sourceTree = BUILT_PRODUCTS_DIR; };
		673DE246189CD51000CAB180 /* Foundation.framework */ = {isa = PBXFileReference; lastKnownFileType = wrapper.framework; name = Foundation.framework; path = System/Library/Frameworks/Foundation.framework; sourceTree = SDKROOT; };
		673DE248189CD51100CAB180 /* CoreGraphics.framework */ = {isa = PBXFileReference; lastKnownFileType = wrapper.framework; name = CoreGraphics.framework; path = System/Library/Frameworks/CoreGraphics.framework; sourceTree = SDKROOT; };
		673DE24A189CD51100CAB180 /* UIKit.framework */ = {isa = PBXFileReference; lastKnownFileType = wrapper.framework; name = UIKit.framework; path = System/Library/Frameworks/UIKit.framework; sourceTree = SDKROOT; };
		673DE24E189CD51100CAB180 /* Google Maps iOS Example-Info.plist */ = {isa = PBXFileReference; lastKnownFileType = text.plist.xml; path = "Google Maps iOS Example-Info.plist"; sourceTree = "<group>"; };
		673DE250189CD51100CAB180 /* en */ = {isa = PBXFileReference; lastKnownFileType = text.plist.strings; name = en; path = en.lproj/InfoPlist.strings; sourceTree = "<group>"; };
		673DE252189CD51100CAB180 /* main.m */ = {isa = PBXFileReference; lastKnownFileType = sourcecode.c.objc; path = main.m; sourceTree = "<group>"; };
		673DE254189CD51100CAB180 /* Google Maps iOS Example-Prefix.pch */ = {isa = PBXFileReference; lastKnownFileType = sourcecode.c.h; path = "Google Maps iOS Example-Prefix.pch"; sourceTree = "<group>"; };
		673DE255189CD51100CAB180 /* AppDelegate.h */ = {isa = PBXFileReference; lastKnownFileType = sourcecode.c.h; path = AppDelegate.h; sourceTree = "<group>"; };
		673DE256189CD51100CAB180 /* AppDelegate.m */ = {isa = PBXFileReference; lastKnownFileType = sourcecode.c.objc; path = AppDelegate.m; sourceTree = "<group>"; };
		673DE258189CD51100CAB180 /* Images.xcassets */ = {isa = PBXFileReference; lastKnownFileType = folder.assetcatalog; path = Images.xcassets; sourceTree = "<group>"; };
		673DE25F189CD51100CAB180 /* XCTest.framework */ = {isa = PBXFileReference; lastKnownFileType = wrapper.framework; name = XCTest.framework; path = Library/Frameworks/XCTest.framework; sourceTree = DEVELOPER_DIR; };
		673DE277189CD52400CAB180 /* GClusterAlgorithm.h */ = {isa = PBXFileReference; fileEncoding = 4; lastKnownFileType = sourcecode.c.h; path = GClusterAlgorithm.h; sourceTree = "<group>"; };
		673DE278189CD52400CAB180 /* GQuadItem.h */ = {isa = PBXFileReference; fileEncoding = 4; lastKnownFileType = sourcecode.c.h; path = GQuadItem.h; sourceTree = "<group>"; };
		673DE279189CD52400CAB180 /* GQuadItem.m */ = {isa = PBXFileReference; fileEncoding = 4; lastKnownFileType = sourcecode.c.objc; path = GQuadItem.m; sourceTree = "<group>"; };
		673DE27A189CD52400CAB180 /* GStaticCluster.h */ = {isa = PBXFileReference; fileEncoding = 4; lastKnownFileType = sourcecode.c.h; path = GStaticCluster.h; sourceTree = "<group>"; };
		673DE27B189CD52400CAB180 /* GStaticCluster.m */ = {isa = PBXFileReference; fileEncoding = 4; lastKnownFileType = sourcecode.c.objc; path = GStaticCluster.m; sourceTree = "<group>"; };
		673DE27C189CD52400CAB180 /* NonHierarchicalDistanceBasedAlgorithm.h */ = {isa = PBXFileReference; fileEncoding = 4; lastKnownFileType = sourcecode.c.h; path = NonHierarchicalDistanceBasedAlgorithm.h; sourceTree = "<group>"; };
		673DE27D189CD52400CAB180 /* NonHierarchicalDistanceBasedAlgorithm.m */ = {isa = PBXFileReference; fileEncoding = 4; lastKnownFileType = sourcecode.c.objc; path = NonHierarchicalDistanceBasedAlgorithm.m; sourceTree = "<group>"; };
		673DE27E189CD52400CAB180 /* GCluster.h */ = {isa = PBXFileReference; fileEncoding = 4; lastKnownFileType = sourcecode.c.h; path = GCluster.h; sourceTree = "<group>"; };
		673DE27F189CD52400CAB180 /* GClusterItem.h */ = {isa = PBXFileReference; fileEncoding = 4; lastKnownFileType = sourcecode.c.h; path = GClusterItem.h; sourceTree = "<group>"; };
		673DE280189CD52400CAB180 /* GClusterManager.h */ = {isa = PBXFileReference; fileEncoding = 4; lastKnownFileType = sourcecode.c.h; path = GClusterManager.h; sourceTree = "<group>"; };
		673DE281189CD52400CAB180 /* GClusterManager.m */ = {isa = PBXFileReference; fileEncoding = 4; lastKnownFileType = sourcecode.c.objc; path = GClusterManager.m; sourceTree = "<group>"; };
		673DE283189CD52400CAB180 /* GClusterRenderer.h */ = {isa = PBXFileReference; fileEncoding = 4; lastKnownFileType = sourcecode.c.h; path = GClusterRenderer.h; sourceTree = "<group>"; };
		673DE284189CD52400CAB180 /* GDefaultClusterRenderer.h */ = {isa = PBXFileReference; fileEncoding = 4; lastKnownFileType = sourcecode.c.h; path = GDefaultClusterRenderer.h; sourceTree = "<group>"; };
		673DE285189CD52400CAB180 /* GDefaultClusterRenderer.m */ = {isa = PBXFileReference; fileEncoding = 4; lastKnownFileType = sourcecode.c.objc; path = GDefaultClusterRenderer.m; sourceTree = "<group>"; };
		673DE287189CD52400CAB180 /* GQTBounds.h */ = {isa = PBXFileReference; fileEncoding = 4; lastKnownFileType = sourcecode.c.h; path = GQTBounds.h; sourceTree = "<group>"; };
		673DE288189CD52400CAB180 /* GQTPoint.h */ = {isa = PBXFileReference; fileEncoding = 4; lastKnownFileType = sourcecode.c.h; path = GQTPoint.h; sourceTree = "<group>"; };
		673DE289189CD52400CAB180 /* GQTPointQuadTree.h */ = {isa = PBXFileReference; fileEncoding = 4; lastKnownFileType = sourcecode.c.h; path = GQTPointQuadTree.h; sourceTree = "<group>"; };
		673DE28A189CD52400CAB180 /* GQTPointQuadTree.m */ = {isa = PBXFileReference; fileEncoding = 4; lastKnownFileType = sourcecode.c.objc; path = GQTPointQuadTree.m; sourceTree = "<group>"; };
		673DE28B189CD52400CAB180 /* GQTPointQuadTreeChild.h */ = {isa = PBXFileReference; fileEncoding = 4; lastKnownFileType = sourcecode.c.h; path = GQTPointQuadTreeChild.h; sourceTree = "<group>"; };
		673DE28C189CD52400CAB180 /* GQTPointQuadTreeChild.m */ = {isa = PBXFileReference; fileEncoding = 4; lastKnownFileType = sourcecode.c.objc; path = GQTPointQuadTreeChild.m; sourceTree = "<group>"; };
		673DE28D189CD52400CAB180 /* GQTPointQuadTreeItem.h */ = {isa = PBXFileReference; fileEncoding = 4; lastKnownFileType = sourcecode.c.h; path = GQTPointQuadTreeItem.h; sourceTree = "<group>"; };
		673DE295189CD8B500CAB180 /* ClusterMapViewController.h */ = {isa = PBXFileReference; fileEncoding = 4; lastKnownFileType = sourcecode.c.h; path = ClusterMapViewController.h; sourceTree = "<group>"; };
		673DE296189CD8B500CAB180 /* ClusterMapViewController.m */ = {isa = PBXFileReference; fileEncoding = 4; lastKnownFileType = sourcecode.c.objc; path = ClusterMapViewController.m; sourceTree = "<group>"; };
		673DE298189CDF1700CAB180 /* Spot.h */ = {isa = PBXFileReference; fileEncoding = 4; lastKnownFileType = sourcecode.c.h; path = Spot.h; sourceTree = "<group>"; };
		673DE299189CDF1700CAB180 /* Spot.m */ = {isa = PBXFileReference; fileEncoding = 4; lastKnownFileType = sourcecode.c.objc; path = Spot.m; sourceTree = "<group>"; };
		673DE29D189CE11800CAB180 /* AVFoundation.framework */ = {isa = PBXFileReference; lastKnownFileType = wrapper.framework; name = AVFoundation.framework; path = System/Library/Frameworks/AVFoundation.framework; sourceTree = SDKROOT; };
		673DE29F189CE12600CAB180 /* CoreData.framework */ = {isa = PBXFileReference; lastKnownFileType = wrapper.framework; name = CoreData.framework; path = System/Library/Frameworks/CoreData.framework; sourceTree = SDKROOT; };
		673DE2A1189CE12A00CAB180 /* CoreLocation.framework */ = {isa = PBXFileReference; lastKnownFileType = wrapper.framework; name = CoreLocation.framework; path = System/Library/Frameworks/CoreLocation.framework; sourceTree = SDKROOT; };
		673DE2A3189CE12E00CAB180 /* CoreText.framework */ = {isa = PBXFileReference; lastKnownFileType = wrapper.framework; name = CoreText.framework; path = System/Library/Frameworks/CoreText.framework; sourceTree = SDKROOT; };
		673DE2A5189CE13800CAB180 /* GLKit.framework */ = {isa = PBXFileReference; lastKnownFileType = wrapper.framework; name = GLKit.framework; path = System/Library/Frameworks/GLKit.framework; sourceTree = SDKROOT; };
		673DE2A7189CE13D00CAB180 /* ImageIO.framework */ = {isa = PBXFileReference; lastKnownFileType = wrapper.framework; name = ImageIO.framework; path = System/Library/Frameworks/ImageIO.framework; sourceTree = SDKROOT; };
		673DE2A9189CE14D00CAB180 /* libc++.dylib */ = {isa = PBXFileReference; lastKnownFileType = "compiled.mach-o.dylib"; name = "libc++.dylib"; path = "usr/lib/libc++.dylib"; sourceTree = SDKROOT; };
		673DE2AB189CE16000CAB180 /* libz.dylib */ = {isa = PBXFileReference; lastKnownFileType = "compiled.mach-o.dylib"; name = libz.dylib; path = usr/lib/libz.dylib; sourceTree = SDKROOT; };
		673DE2AD189CE16B00CAB180 /* OpenGLES.framework */ = {isa = PBXFileReference; lastKnownFileType = wrapper.framework; name = OpenGLES.framework; path = System/Library/Frameworks/OpenGLES.framework; sourceTree = SDKROOT; };
		673DE2AF189CE16E00CAB180 /* QuartzCore.framework */ = {isa = PBXFileReference; lastKnownFileType = wrapper.framework; name = QuartzCore.framework; path = System/Library/Frameworks/QuartzCore.framework; sourceTree = SDKROOT; };
		673DE2B1189CE18100CAB180 /* SystemConfiguration.framework */ = {isa = PBXFileReference; lastKnownFileType = wrapper.framework; name = SystemConfiguration.framework; path = System/Library/Frameworks/SystemConfiguration.framework; sourceTree = SDKROOT; };
		673DE2B4189CE41900CAB180 /* GoogleMaps.bundle */ = {isa = PBXFileReference; lastKnownFileType = "wrapper.plug-in"; name = GoogleMaps.bundle; path = GoogleMaps.framework/Versions/A/Resources/GoogleMaps.bundle; sourceTree = "<group>"; };
		6792B17B19AEDEE4004538D8 /* SphericalMercatorProjection.h */ = {isa = PBXFileReference; fileEncoding = 4; lastKnownFileType = sourcecode.c.h; path = SphericalMercatorProjection.h; sourceTree = "<group>"; };
		6792B17C19AEDEE4004538D8 /* SphericalMercatorProjection.m */ = {isa = PBXFileReference; fileEncoding = 4; lastKnownFileType = sourcecode.c.objc; path = SphericalMercatorProjection.m; sourceTree = "<group>"; };
		B3199FF019A8D2E4005B31CA /* GoogleMaps.framework */ = {isa = PBXFileReference; lastKnownFileType = wrapper.framework; path = GoogleMaps.framework; sourceTree = "<group>"; };
/* End PBXFileReference section */

/* Begin PBXFrameworksBuildPhase section */
		673DE240189CD51000CAB180 /* Frameworks */ = {
			isa = PBXFrameworksBuildPhase;
			buildActionMask = 2147483647;
			files = (
				673DE2B2189CE18100CAB180 /* SystemConfiguration.framework in Frameworks */,
				673DE2AC189CE16000CAB180 /* libz.dylib in Frameworks */,
				673DE2B0189CE16E00CAB180 /* QuartzCore.framework in Frameworks */,
				B3199FF119A8D2E4005B31CA /* GoogleMaps.framework in Frameworks */,
				673DE2AE189CE16B00CAB180 /* OpenGLES.framework in Frameworks */,
				673DE2AA189CE14D00CAB180 /* libc++.dylib in Frameworks */,
				673DE2A8189CE13D00CAB180 /* ImageIO.framework in Frameworks */,
				673DE2A6189CE13900CAB180 /* GLKit.framework in Frameworks */,
				673DE2A4189CE12E00CAB180 /* CoreText.framework in Frameworks */,
				673DE2A2189CE12A00CAB180 /* CoreLocation.framework in Frameworks */,
				673DE2A0189CE12600CAB180 /* CoreData.framework in Frameworks */,
				673DE29E189CE11800CAB180 /* AVFoundation.framework in Frameworks */,
				673DE249189CD51100CAB180 /* CoreGraphics.framework in Frameworks */,
				673DE24B189CD51100CAB180 /* UIKit.framework in Frameworks */,
				673DE247189CD51100CAB180 /* Foundation.framework in Frameworks */,
			);
			runOnlyForDeploymentPostprocessing = 0;
		};
/* End PBXFrameworksBuildPhase section */

/* Begin PBXGroup section */
		673DE23A189CD51000CAB180 = {
			isa = PBXGroup;
			children = (
				B3199FF219A8D426005B31CA /* GClustering */,
				673DE24C189CD51100CAB180 /* Example */,
				673DE245189CD51000CAB180 /* Frameworks */,
				673DE244189CD51000CAB180 /* Products */,
			);
			sourceTree = "<group>";
		};
		673DE244189CD51000CAB180 /* Products */ = {
			isa = PBXGroup;
			children = (
				673DE243189CD51000CAB180 /* Google Maps iOS Example.app */,
			);
			name = Products;
			sourceTree = "<group>";
		};
		673DE245189CD51000CAB180 /* Frameworks */ = {
			isa = PBXGroup;
			children = (
				B3199FF019A8D2E4005B31CA /* GoogleMaps.framework */,
				673DE2B1189CE18100CAB180 /* SystemConfiguration.framework */,
				673DE2AF189CE16E00CAB180 /* QuartzCore.framework */,
				673DE2AD189CE16B00CAB180 /* OpenGLES.framework */,
				673DE2AB189CE16000CAB180 /* libz.dylib */,
				673DE2A9189CE14D00CAB180 /* libc++.dylib */,
				673DE2A7189CE13D00CAB180 /* ImageIO.framework */,
				673DE2A5189CE13800CAB180 /* GLKit.framework */,
				673DE2A3189CE12E00CAB180 /* CoreText.framework */,
				673DE2A1189CE12A00CAB180 /* CoreLocation.framework */,
				673DE29F189CE12600CAB180 /* CoreData.framework */,
				673DE29D189CE11800CAB180 /* AVFoundation.framework */,
				673DE2B4189CE41900CAB180 /* GoogleMaps.bundle */,
				673DE246189CD51000CAB180 /* Foundation.framework */,
				673DE248189CD51100CAB180 /* CoreGraphics.framework */,
				673DE24A189CD51100CAB180 /* UIKit.framework */,
				673DE25F189CD51100CAB180 /* XCTest.framework */,
			);
			name = Frameworks;
			sourceTree = "<group>";
		};
		673DE24C189CD51100CAB180 /* Example */ = {
			isa = PBXGroup;
			children = (
				673DE255189CD51100CAB180 /* AppDelegate.h */,
				673DE256189CD51100CAB180 /* AppDelegate.m */,
				673DE258189CD51100CAB180 /* Images.xcassets */,
				673DE24D189CD51100CAB180 /* Supporting Files */,
				673DE295189CD8B500CAB180 /* ClusterMapViewController.h */,
				673DE296189CD8B500CAB180 /* ClusterMapViewController.m */,
				673DE298189CDF1700CAB180 /* Spot.h */,
				673DE299189CDF1700CAB180 /* Spot.m */,
			);
			name = Example;
			path = "Google Maps iOS Example";
			sourceTree = "<group>";
		};
		673DE24D189CD51100CAB180 /* Supporting Files */ = {
			isa = PBXGroup;
			children = (
				673DE24E189CD51100CAB180 /* Google Maps iOS Example-Info.plist */,
				673DE24F189CD51100CAB180 /* InfoPlist.strings */,
				673DE252189CD51100CAB180 /* main.m */,
				673DE254189CD51100CAB180 /* Google Maps iOS Example-Prefix.pch */,
			);
			name = "Supporting Files";
			sourceTree = "<group>";
		};
		673DE275189CD52400CAB180 /* Clustering */ = {
			isa = PBXGroup;
			children = (
				673DE276189CD52400CAB180 /* Algorithms */,
				673DE27E189CD52400CAB180 /* GCluster.h */,
				673DE27F189CD52400CAB180 /* GClusterItem.h */,
				673DE280189CD52400CAB180 /* GClusterManager.h */,
				673DE281189CD52400CAB180 /* GClusterManager.m */,
				673DE282189CD52400CAB180 /* View */,
			);
			name = Clustering;
			path = ../../Clustering;
			sourceTree = "<group>";
		};
		673DE276189CD52400CAB180 /* Algorithms */ = {
			isa = PBXGroup;
			children = (
				673DE277189CD52400CAB180 /* GClusterAlgorithm.h */,
				673DE278189CD52400CAB180 /* GQuadItem.h */,
				673DE279189CD52400CAB180 /* GQuadItem.m */,
				673DE27A189CD52400CAB180 /* GStaticCluster.h */,
				673DE27B189CD52400CAB180 /* GStaticCluster.m */,
				673DE27C189CD52400CAB180 /* NonHierarchicalDistanceBasedAlgorithm.h */,
				673DE27D189CD52400CAB180 /* NonHierarchicalDistanceBasedAlgorithm.m */,
			);
			path = Algorithms;
			sourceTree = "<group>";
		};
		673DE282189CD52400CAB180 /* View */ = {
			isa = PBXGroup;
			children = (
				673DE283189CD52400CAB180 /* GClusterRenderer.h */,
				673DE284189CD52400CAB180 /* GDefaultClusterRenderer.h */,
				673DE285189CD52400CAB180 /* GDefaultClusterRenderer.m */,
			);
			path = View;
			sourceTree = "<group>";
		};
		673DE286189CD52400CAB180 /* QuadTree */ = {
			isa = PBXGroup;
			children = (
				673DE287189CD52400CAB180 /* GQTBounds.h */,
				673DE288189CD52400CAB180 /* GQTPoint.h */,
				673DE289189CD52400CAB180 /* GQTPointQuadTree.h */,
				673DE28A189CD52400CAB180 /* GQTPointQuadTree.m */,
				673DE28B189CD52400CAB180 /* GQTPointQuadTreeChild.h */,
				673DE28C189CD52400CAB180 /* GQTPointQuadTreeChild.m */,
				673DE28D189CD52400CAB180 /* GQTPointQuadTreeItem.h */,
			);
			name = QuadTree;
			path = ../../QuadTree;
			sourceTree = "<group>";
		};
		6792B17A19AEDEE4004538D8 /* Projection */ = {
			isa = PBXGroup;
			children = (
				6792B17B19AEDEE4004538D8 /* SphericalMercatorProjection.h */,
				6792B17C19AEDEE4004538D8 /* SphericalMercatorProjection.m */,
			);
			name = Projection;
			path = ../../Projection;
			sourceTree = "<group>";
		};
		B3199FF219A8D426005B31CA /* GClustering */ = {
			isa = PBXGroup;
			children = (
				6792B17A19AEDEE4004538D8 /* Projection */,
				673DE275189CD52400CAB180 /* Clustering */,
				673DE286189CD52400CAB180 /* QuadTree */,
			);
			name = GClustering;
			sourceTree = "<group>";
		};
/* End PBXGroup section */

/* Begin PBXNativeTarget section */
		673DE242189CD51000CAB180 /* Google Maps iOS Example */ = {
			isa = PBXNativeTarget;
			buildConfigurationList = 673DE26F189CD51100CAB180 /* Build configuration list for PBXNativeTarget "Google Maps iOS Example" */;
			buildPhases = (
				673DE23F189CD51000CAB180 /* Sources */,
				673DE240189CD51000CAB180 /* Frameworks */,
				673DE241189CD51000CAB180 /* Resources */,
			);
			buildRules = (
			);
			dependencies = (
			);
			name = "Google Maps iOS Example";
			productName = "Google Maps iOS Example";
			productReference = 673DE243189CD51000CAB180 /* Google Maps iOS Example.app */;
			productType = "com.apple.product-type.application";
		};
/* End PBXNativeTarget section */

/* Begin PBXProject section */
		673DE23B189CD51000CAB180 /* Project object */ = {
			isa = PBXProject;
			attributes = {
				LastUpgradeCheck = 0500;
			};
			buildConfigurationList = 673DE23E189CD51000CAB180 /* Build configuration list for PBXProject "Google Maps iOS Example" */;
			compatibilityVersion = "Xcode 3.2";
			developmentRegion = English;
			hasScannedForEncodings = 0;
			knownRegions = (
				en,
			);
			mainGroup = 673DE23A189CD51000CAB180;
			productRefGroup = 673DE244189CD51000CAB180 /* Products */;
			projectDirPath = "";
			projectRoot = "";
			targets = (
				673DE242189CD51000CAB180 /* Google Maps iOS Example */,
			);
		};
/* End PBXProject section */

/* Begin PBXResourcesBuildPhase section */
		673DE241189CD51000CAB180 /* Resources */ = {
			isa = PBXResourcesBuildPhase;
			buildActionMask = 2147483647;
			files = (
				673DE2B5189CE41900CAB180 /* GoogleMaps.bundle in Resources */,
				673DE251189CD51100CAB180 /* InfoPlist.strings in Resources */,
				673DE259189CD51100CAB180 /* Images.xcassets in Resources */,
			);
			runOnlyForDeploymentPostprocessing = 0;
		};
/* End PBXResourcesBuildPhase section */

/* Begin PBXSourcesBuildPhase section */
		673DE23F189CD51000CAB180 /* Sources */ = {
			isa = PBXSourcesBuildPhase;
			buildActionMask = 2147483647;
			files = (
				673DE28F189CD52400CAB180 /* GStaticCluster.m in Sources */,
				6792B17D19AEDEE4004538D8 /* SphericalMercatorProjection.m in Sources */,
				673DE257189CD51100CAB180 /* AppDelegate.m in Sources */,
				673DE297189CD8B500CAB180 /* ClusterMapViewController.m in Sources */,
				673DE294189CD52400CAB180 /* GQTPointQuadTreeChild.m in Sources */,
				673DE290189CD52400CAB180 /* NonHierarchicalDistanceBasedAlgorithm.m in Sources */,
				673DE29A189CDF1700CAB180 /* Spot.m in Sources */,
				673DE28E189CD52400CAB180 /* GQuadItem.m in Sources */,
				673DE291189CD52400CAB180 /* GClusterManager.m in Sources */,
				673DE253189CD51100CAB180 /* main.m in Sources */,
				673DE293189CD52400CAB180 /* GQTPointQuadTree.m in Sources */,
				673DE292189CD52400CAB180 /* GDefaultClusterRenderer.m in Sources */,
			);
			runOnlyForDeploymentPostprocessing = 0;
		};
/* End PBXSourcesBuildPhase section */

/* Begin PBXVariantGroup section */
		673DE24F189CD51100CAB180 /* InfoPlist.strings */ = {
			isa = PBXVariantGroup;
			children = (
				673DE250189CD51100CAB180 /* en */,
			);
			name = InfoPlist.strings;
			sourceTree = "<group>";
		};
/* End PBXVariantGroup section */

/* Begin XCBuildConfiguration section */
		673DE26D189CD51100CAB180 /* Debug */ = {
			isa = XCBuildConfiguration;
			buildSettings = {
				ALWAYS_SEARCH_USER_PATHS = NO;
				CLANG_CXX_LANGUAGE_STANDARD = "gnu++0x";
				CLANG_CXX_LIBRARY = "libc++";
				CLANG_ENABLE_MODULES = YES;
				CLANG_ENABLE_OBJC_ARC = YES;
				CLANG_WARN_BOOL_CONVERSION = YES;
				CLANG_WARN_CONSTANT_CONVERSION = YES;
				CLANG_WARN_DIRECT_OBJC_ISA_USAGE = YES_ERROR;
				CLANG_WARN_EMPTY_BODY = YES;
				CLANG_WARN_ENUM_CONVERSION = YES;
				CLANG_WARN_INT_CONVERSION = YES;
				CLANG_WARN_OBJC_ROOT_CLASS = YES_ERROR;
				CLANG_WARN__DUPLICATE_METHOD_MATCH = YES;
				"CODE_SIGN_IDENTITY[sdk=iphoneos*]" = "iPhone Developer";
				COPY_PHASE_STRIP = NO;
				GCC_C_LANGUAGE_STANDARD = gnu99;
				GCC_DYNAMIC_NO_PIC = NO;
				GCC_OPTIMIZATION_LEVEL = 0;
				GCC_PREPROCESSOR_DEFINITIONS = (
					"DEBUG=1",
					"$(inherited)",
				);
				GCC_SYMBOLS_PRIVATE_EXTERN = NO;
				GCC_WARN_64_TO_32_BIT_CONVERSION = YES;
				GCC_WARN_ABOUT_RETURN_TYPE = YES_ERROR;
				GCC_WARN_UNDECLARED_SELECTOR = YES;
				GCC_WARN_UNINITIALIZED_AUTOS = YES;
				GCC_WARN_UNUSED_FUNCTION = YES;
				GCC_WARN_UNUSED_VARIABLE = YES;
				ONLY_ACTIVE_ARCH = YES;
				SDKROOT = iphoneos;
			};
			name = Debug;
		};
		673DE26E189CD51100CAB180 /* Release */ = {
			isa = XCBuildConfiguration;
			buildSettings = {
				ALWAYS_SEARCH_USER_PATHS = NO;
				CLANG_CXX_LANGUAGE_STANDARD = "gnu++0x";
				CLANG_CXX_LIBRARY = "libc++";
				CLANG_ENABLE_MODULES = YES;
				CLANG_ENABLE_OBJC_ARC = YES;
				CLANG_WARN_BOOL_CONVERSION = YES;
				CLANG_WARN_CONSTANT_CONVERSION = YES;
				CLANG_WARN_DIRECT_OBJC_ISA_USAGE = YES_ERROR;
				CLANG_WARN_EMPTY_BODY = YES;
				CLANG_WARN_ENUM_CONVERSION = YES;
				CLANG_WARN_INT_CONVERSION = YES;
				CLANG_WARN_OBJC_ROOT_CLASS = YES_ERROR;
				CLANG_WARN__DUPLICATE_METHOD_MATCH = YES;
				"CODE_SIGN_IDENTITY[sdk=iphoneos*]" = "iPhone Developer";
				COPY_PHASE_STRIP = YES;
				ENABLE_NS_ASSERTIONS = NO;
				GCC_C_LANGUAGE_STANDARD = gnu99;
				GCC_WARN_64_TO_32_BIT_CONVERSION = YES;
				GCC_WARN_ABOUT_RETURN_TYPE = YES_ERROR;
				GCC_WARN_UNDECLARED_SELECTOR = YES;
				GCC_WARN_UNINITIALIZED_AUTOS = YES;
				GCC_WARN_UNUSED_FUNCTION = YES;
				GCC_WARN_UNUSED_VARIABLE = YES;
				SDKROOT = iphoneos;
				VALIDATE_PRODUCT = YES;
			};
			name = Release;
		};
		673DE270189CD51100CAB180 /* Debug */ = {
			isa = XCBuildConfiguration;
			buildSettings = {
				ASSETCATALOG_COMPILER_APPICON_NAME = AppIcon;
				ASSETCATALOG_COMPILER_LAUNCHIMAGE_NAME = LaunchImage;
				FRAMEWORK_SEARCH_PATHS = (
					"$(inherited)",
					"$(PROJECT_DIR)",
				);
				GCC_PRECOMPILE_PREFIX_HEADER = YES;
				GCC_PREFIX_HEADER = "Google Maps iOS Example/Google Maps iOS Example-Prefix.pch";
				INFOPLIST_FILE = "Google Maps iOS Example/Google Maps iOS Example-Info.plist";
				OTHER_LDFLAGS = "-ObjC";
				PRODUCT_NAME = "$(TARGET_NAME)";
				WRAPPER_EXTENSION = app;
			};
			name = Debug;
		};
		673DE271189CD51100CAB180 /* Release */ = {
			isa = XCBuildConfiguration;
			buildSettings = {
				ASSETCATALOG_COMPILER_APPICON_NAME = AppIcon;
				ASSETCATALOG_COMPILER_LAUNCHIMAGE_NAME = LaunchImage;
				FRAMEWORK_SEARCH_PATHS = (
					"$(inherited)",
					"$(PROJECT_DIR)",
				);
				GCC_PRECOMPILE_PREFIX_HEADER = YES;
				GCC_PREFIX_HEADER = "Google Maps iOS Example/Google Maps iOS Example-Prefix.pch";
				INFOPLIST_FILE = "Google Maps iOS Example/Google Maps iOS Example-Info.plist";
				OTHER_LDFLAGS = "-ObjC";
				PRODUCT_NAME = "$(TARGET_NAME)";
				WRAPPER_EXTENSION = app;
			};
			name = Release;
		};
/* End XCBuildConfiguration section */

/* Begin XCConfigurationList section */
		673DE23E189CD51000CAB180 /* Build configuration list for PBXProject "Google Maps iOS Example" */ = {
			isa = XCConfigurationList;
			buildConfigurations = (
				673DE26D189CD51100CAB180 /* Debug */,
				673DE26E189CD51100CAB180 /* Release */,
			);
			defaultConfigurationIsVisible = 0;
			defaultConfigurationName = Release;
		};
		673DE26F189CD51100CAB180 /* Build configuration list for PBXNativeTarget "Google Maps iOS Example" */ = {
			isa = XCConfigurationList;
			buildConfigurations = (
				673DE270189CD51100CAB180 /* Debug */,
				673DE271189CD51100CAB180 /* Release */,
			);
			defaultConfigurationIsVisible = 0;
			defaultConfigurationName = Release;
		};
/* End XCConfigurationList section */
	};
	rootObject = 673DE23B189CD51000CAB180 /* Project object */;
}
