// !$*UTF8*$!
{
	archiveVersion = 1;
	classes = {
	};
	objectVersion = 46;
	objects = {

/* Begin PBXBuildFile section */
		0229C0F91D9A461000551202 /* GMU-DevApp.release.xcconfig in Resources */ = {isa = PBXBuildFile; fileRef = 0229C0F71D9A461000551202 /* GMU-DevApp.release.xcconfig */; };
		0229C0FA1D9A461000551202 /* GMU-DevApp.debug.xcconfig in Resources */ = {isa = PBXBuildFile; fileRef = 0229C0F81D9A461000551202 /* GMU-DevApp.debug.xcconfig */; };
		0229C0FD1D9B4C0800551202 /* CustomMarkerViewController.m in Sources */ = {isa = PBXBuildFile; fileRef = 0229C0FC1D9B4C0800551202 /* CustomMarkerViewController.m */; };
		0233207D1CACF991008024F2 /* GMUNonHierarchicalDistanceBasedAlgorithm.m in Sources */ = {isa = PBXBuildFile; fileRef = 0233207C1CACF991008024F2 /* GMUNonHierarchicalDistanceBasedAlgorithm.m */; };
		023320831CB20086008024F2 /* GMUWrappingDictionaryKey.m in Sources */ = {isa = PBXBuildFile; fileRef = 023320821CB20086008024F2 /* GMUWrappingDictionaryKey.m */; };
		0242D1A51C7C19E600557130 /* GMUGridBasedClusterAlgorithm.m in Sources */ = {isa = PBXBuildFile; fileRef = 0242D18E1C7C19E600557130 /* GMUGridBasedClusterAlgorithm.m */; };
		0242D1A61C7C19E600557130 /* GMUSimpleClusterAlgorithm.m in Sources */ = {isa = PBXBuildFile; fileRef = 0242D1901C7C19E600557130 /* GMUSimpleClusterAlgorithm.m */; };
		0242D1A71C7C19E600557130 /* GMUClusterManager.m in Sources */ = {isa = PBXBuildFile; fileRef = 0242D1941C7C19E600557130 /* GMUClusterManager.m */; };
		0242D1A81C7C19E600557130 /* GMUStaticCluster.m in Sources */ = {isa = PBXBuildFile; fileRef = 0242D1961C7C19E600557130 /* GMUStaticCluster.m */; };
		0242D1A91C7C19E600557130 /* GMUDefaultClusterIconGenerator.m in Sources */ = {isa = PBXBuildFile; fileRef = 0242D1A21C7C19E600557130 /* GMUDefaultClusterIconGenerator.m */; };
		0242D1AA1C7C19E600557130 /* GMUDefaultClusterRenderer.m in Sources */ = {isa = PBXBuildFile; fileRef = 0242D1A41C7C19E600557130 /* GMUDefaultClusterRenderer.m */; };
		0242D1B31C7C19F700557130 /* GQTPointQuadTree.m in Sources */ = {isa = PBXBuildFile; fileRef = 0242D1AF1C7C19F700557130 /* GQTPointQuadTree.m */; };
		0242D1B41C7C19F700557130 /* GQTPointQuadTreeChild.m in Sources */ = {isa = PBXBuildFile; fileRef = 0242D1B11C7C19F700557130 /* GQTPointQuadTreeChild.m */; };
		0242D1E91C7C1CC100557130 /* libGoogleMapsUtils.a in Frameworks */ = {isa = PBXBuildFile; fileRef = 0242D17A1C7C16A400557130 /* libGoogleMapsUtils.a */; };
		0242D2031C7D3AC300557130 /* libGoogleMapsUtils.a in Frameworks */ = {isa = PBXBuildFile; fileRef = 0242D17A1C7C16A400557130 /* libGoogleMapsUtils.a */; };
		0242D2171C7E759D00557130 /* GMUStaticClusterTest.m in Sources */ = {isa = PBXBuildFile; fileRef = 0242D2161C7E759D00557130 /* GMUStaticClusterTest.m */; };
		0245B58C1CED786A00ABBB7D /* GMUWrappingDictionaryKeyTest.m in Sources */ = {isa = PBXBuildFile; fileRef = 0245B58B1CED786A00ABBB7D /* GMUWrappingDictionaryKeyTest.m */; };
		0245B58E1CEED4CB00ABBB7D /* GMUGridBasedClusterAlgorithmTest.m in Sources */ = {isa = PBXBuildFile; fileRef = 0245B58D1CEED4CB00ABBB7D /* GMUGridBasedClusterAlgorithmTest.m */; };
		0245B5901CEEE8E900ABBB7D /* GMUClusterAlgorithmTest.m in Sources */ = {isa = PBXBuildFile; fileRef = 0245B58F1CEEE8E900ABBB7D /* GMUClusterAlgorithmTest.m */; };
		02847CFF1CF2949700508850 /* GMUNonHierarchicalDistanceBasedAlgorithmTest.m in Sources */ = {isa = PBXBuildFile; fileRef = 02847CFE1CF2949700508850 /* GMUNonHierarchicalDistanceBasedAlgorithmTest.m */; };
		02847D021CF3F61400508850 /* GMUDefaultClusterRendererTest.m in Sources */ = {isa = PBXBuildFile; fileRef = 02847D011CF3F61400508850 /* GMUDefaultClusterRendererTest.m */; };
		02847D0A1CF4053200508850 /* GMUTestClusterItem.m in Sources */ = {isa = PBXBuildFile; fileRef = 02847D091CF4053200508850 /* GMUTestClusterItem.m */; };
		02847D0C1CF5239900508850 /* GMUClusterManagerTest.m in Sources */ = {isa = PBXBuildFile; fileRef = 02847D0B1CF5239900508850 /* GMUClusterManagerTest.m */; };
		028A1BBE1D9A3B1900C4A4FF /* Samples.m in Sources */ = {isa = PBXBuildFile; fileRef = 028A1BBD1D9A3B1900C4A4FF /* Samples.m */; };
		029EAC301D9A353D00797AE7 /* MasterViewController.m in Sources */ = {isa = PBXBuildFile; fileRef = 029EAC2F1D9A353D00797AE7 /* MasterViewController.m */; };
		02BB27601D741A5300DE1EF0 /* GMU-Target.common.xcconfig in Resources */ = {isa = PBXBuildFile; fileRef = 02BB275F1D741A5300DE1EF0 /* GMU-Target.common.xcconfig */; };
		02DEA4C61CFBC0B900ACF7D8 /* GQTPointQuadTreeTest.m in Sources */ = {isa = PBXBuildFile; fileRef = 02DEA4C51CFBC0B900ACF7D8 /* GQTPointQuadTreeTest.m */; };
		02DEA4C81CFC0DDF00ACF7D8 /* GMUDefaultClusterIconGeneratorTest.m in Sources */ = {isa = PBXBuildFile; fileRef = 02DEA4C71CFC0DDF00ACF7D8 /* GMUDefaultClusterIconGeneratorTest.m */; };
		02F87BF91D20B61000C65016 /* BasicViewController.m in Sources */ = {isa = PBXBuildFile; fileRef = 02F87BE01D20B53B00C65016 /* BasicViewController.m */; };
		02F87BFA1D20B61000C65016 /* POIItem.m in Sources */ = {isa = PBXBuildFile; fileRef = 02F87BE21D20B53B00C65016 /* POIItem.m */; };
		02F87BFB1D20B61000C65016 /* main.m in Sources */ = {isa = PBXBuildFile; fileRef = 02F87BE41D20B53B00C65016 /* main.m */; };
		02F87BFC1D20B61000C65016 /* AppDelegate.m in Sources */ = {isa = PBXBuildFile; fileRef = 02F87BE51D20B53B00C65016 /* AppDelegate.m */; };
		02F87BFD1D20B63D00C65016 /* m1.png in Resources */ = {isa = PBXBuildFile; fileRef = 02F87BE91D20B53B00C65016 /* m1.png */; };
		02F87BFE1D20B64100C65016 /* m2.png in Resources */ = {isa = PBXBuildFile; fileRef = 02F87BEA1D20B53B00C65016 /* m2.png */; };
		02F87BFF1D20B64100C65016 /* m3.png in Resources */ = {isa = PBXBuildFile; fileRef = 02F87BEB1D20B53B00C65016 /* m3.png */; };
		02F87C001D20B64100C65016 /* m4.png in Resources */ = {isa = PBXBuildFile; fileRef = 02F87BEC1D20B53B00C65016 /* m4.png */; };
		02F87C011D20B64100C65016 /* m5.png in Resources */ = {isa = PBXBuildFile; fileRef = 02F87BED1D20B53B00C65016 /* m5.png */; };
		02F87C071D20B68F00C65016 /* LaunchScreen.storyboard in Resources */ = {isa = PBXBuildFile; fileRef = 02F87BF01D20B53B00C65016 /* LaunchScreen.storyboard */; };
		02F87C081D20B68F00C65016 /* Main.storyboard in Resources */ = {isa = PBXBuildFile; fileRef = 02F87BF21D20B53B00C65016 /* Main.storyboard */; };
		3491C7FB1E5D190D00A2FA04 /* GMUGeoJSONParserTest.m in Sources */ = {isa = PBXBuildFile; fileRef = 3491C7E51E5D18A100A2FA04 /* GMUGeoJSONParserTest.m */; };
		3491C7FC1E5D190D00A2FA04 /* GMUGeometryRendererTest.m in Sources */ = {isa = PBXBuildFile; fileRef = 3491C7E71E5D18A100A2FA04 /* GMUGeometryRendererTest.m */; };
		3491C7FD1E5D190D00A2FA04 /* GMUKMLParserTest.m in Sources */ = {isa = PBXBuildFile; fileRef = 3491C7E91E5D18A100A2FA04 /* GMUKMLParserTest.m */; };
		3491C7FE1E5D191500A2FA04 /* GMUFeatureTest.m in Sources */ = {isa = PBXBuildFile; fileRef = 3491C7E41E5D18A100A2FA04 /* GMUFeatureTest.m */; };
		3491C7FF1E5D191500A2FA04 /* GMUGeometryCollectionTest.m in Sources */ = {isa = PBXBuildFile; fileRef = 3491C7E61E5D18A100A2FA04 /* GMUGeometryCollectionTest.m */; };
		3491C8001E5D191500A2FA04 /* GMUGroundOverlayTest.m in Sources */ = {isa = PBXBuildFile; fileRef = 3491C7E81E5D18A100A2FA04 /* GMUGroundOverlayTest.m */; };
		3491C8011E5D191500A2FA04 /* GMULineStringTest.m in Sources */ = {isa = PBXBuildFile; fileRef = 3491C7EA1E5D18A100A2FA04 /* GMULineStringTest.m */; };
		3491C8021E5D191500A2FA04 /* GMUPlacemarkTest.m in Sources */ = {isa = PBXBuildFile; fileRef = 3491C7EB1E5D18A100A2FA04 /* GMUPlacemarkTest.m */; };
		3491C8031E5D191500A2FA04 /* GMUPointTest.m in Sources */ = {isa = PBXBuildFile; fileRef = 3491C7EC1E5D18A100A2FA04 /* GMUPointTest.m */; };
		3491C8041E5D191500A2FA04 /* GMUPolygonTest.m in Sources */ = {isa = PBXBuildFile; fileRef = 3491C7ED1E5D18A100A2FA04 /* GMUPolygonTest.m */; };
		3491C8051E5D191500A2FA04 /* GMUStyleTest.mm in Sources */ = {isa = PBXBuildFile; fileRef = 3491C7EE1E5D18A100A2FA04 /* GMUStyleTest.mm */; };
		3491C8061E5D192400A2FA04 /* GMUKMLParser.m in Sources */ = {isa = PBXBuildFile; fileRef = 3491C7C41E5D184A00A2FA04 /* GMUKMLParser.m */; };
		3491C8071E5D192600A2FA04 /* GMUGeometryRenderer.m in Sources */ = {isa = PBXBuildFile; fileRef = 3491C7C21E5D184A00A2FA04 /* GMUGeometryRenderer.m */; };
		3491C8081E5D192900A2FA04 /* GMUGeoJSONParser.m in Sources */ = {isa = PBXBuildFile; fileRef = 3491C7BF1E5D184A00A2FA04 /* GMUGeoJSONParser.m */; };
		3491C8091E5D198400A2FA04 /* GMUFeature.m in Sources */ = {isa = PBXBuildFile; fileRef = 3491C7C71E5D184A00A2FA04 /* GMUFeature.m */; };
		3491C80A1E5D198600A2FA04 /* GMUGeometryCollection.m in Sources */ = {isa = PBXBuildFile; fileRef = 3491C7CA1E5D184A00A2FA04 /* GMUGeometryCollection.m */; };
		3491C80B1E5D198900A2FA04 /* GMUGroundOverlay.m in Sources */ = {isa = PBXBuildFile; fileRef = 3491C7CD1E5D184A00A2FA04 /* GMUGroundOverlay.m */; };
		3491C80C1E5D198B00A2FA04 /* GMULineString.m in Sources */ = {isa = PBXBuildFile; fileRef = 3491C7CF1E5D184A00A2FA04 /* GMULineString.m */; };
		3491C80D1E5D198D00A2FA04 /* GMUPlacemark.m in Sources */ = {isa = PBXBuildFile; fileRef = 3491C7D11E5D184A00A2FA04 /* GMUPlacemark.m */; };
		3491C80E1E5D199000A2FA04 /* GMUPoint.m in Sources */ = {isa = PBXBuildFile; fileRef = 3491C7D31E5D184A00A2FA04 /* GMUPoint.m */; };
		3491C80F1E5D199200A2FA04 /* GMUPolygon.m in Sources */ = {isa = PBXBuildFile; fileRef = 3491C7D51E5D184A00A2FA04 /* GMUPolygon.m */; };
		3491C8101E5D199500A2FA04 /* GMUStyle.m in Sources */ = {isa = PBXBuildFile; fileRef = 3491C7D71E5D184A00A2FA04 /* GMUStyle.m */; };
		3491C8351E5D1A1D00A2FA04 /* GeoJSON_Feature_Test.geojson in Resources */ = {isa = PBXBuildFile; fileRef = 3491C8141E5D1A1000A2FA04 /* GeoJSON_Feature_Test.geojson */; };
		3491C8361E5D1A1D00A2FA04 /* GeoJSON_FeatureCollection_Test.geojson in Resources */ = {isa = PBXBuildFile; fileRef = 3491C8151E5D1A1000A2FA04 /* GeoJSON_FeatureCollection_Test.geojson */; };
		3491C8371E5D1A1D00A2FA04 /* GeoJSON_GeometryCollection_Test.geojson in Resources */ = {isa = PBXBuildFile; fileRef = 3491C8161E5D1A1000A2FA04 /* GeoJSON_GeometryCollection_Test.geojson */; };
		3491C8381E5D1A1D00A2FA04 /* GeoJSON_LineString_Test.geojson in Resources */ = {isa = PBXBuildFile; fileRef = 3491C8171E5D1A1000A2FA04 /* GeoJSON_LineString_Test.geojson */; };
		3491C8391E5D1A1D00A2FA04 /* GeoJSON_MultiLineString_Test.geojson in Resources */ = {isa = PBXBuildFile; fileRef = 3491C8181E5D1A1000A2FA04 /* GeoJSON_MultiLineString_Test.geojson */; };
		3491C83A1E5D1A1D00A2FA04 /* GeoJSON_MultiPoint_Test.geojson in Resources */ = {isa = PBXBuildFile; fileRef = 3491C8191E5D1A1000A2FA04 /* GeoJSON_MultiPoint_Test.geojson */; };
		3491C83B1E5D1A1D00A2FA04 /* GeoJSON_MultiPolygon_Test.geojson in Resources */ = {isa = PBXBuildFile; fileRef = 3491C81A1E5D1A1000A2FA04 /* GeoJSON_MultiPolygon_Test.geojson */; };
		3491C83C1E5D1A1D00A2FA04 /* GeoJSON_Point_Test.geojson in Resources */ = {isa = PBXBuildFile; fileRef = 3491C81B1E5D1A1000A2FA04 /* GeoJSON_Point_Test.geojson */; };
		3491C83D1E5D1A1D00A2FA04 /* GeoJSON_Polygon_Test.geojson in Resources */ = {isa = PBXBuildFile; fileRef = 3491C81C1E5D1A1000A2FA04 /* GeoJSON_Polygon_Test.geojson */; };
		3491C83E1E5D1A2100A2FA04 /* KML_GroundOverlay_Test.kml in Resources */ = {isa = PBXBuildFile; fileRef = 3491C81E1E5D1A1000A2FA04 /* KML_GroundOverlay_Test.kml */; };
		3491C83F1E5D1A2100A2FA04 /* KML_LineString_Test.kml in Resources */ = {isa = PBXBuildFile; fileRef = 3491C81F1E5D1A1000A2FA04 /* KML_LineString_Test.kml */; };
		3491C8401E5D1A2100A2FA04 /* KML_MultiGeometry_Test.kml in Resources */ = {isa = PBXBuildFile; fileRef = 3491C8201E5D1A1000A2FA04 /* KML_MultiGeometry_Test.kml */; };
		3491C8411E5D1A2100A2FA04 /* KML_Placemark_Test.kml in Resources */ = {isa = PBXBuildFile; fileRef = 3491C8211E5D1A1000A2FA04 /* KML_Placemark_Test.kml */; };
		3491C8421E5D1A2100A2FA04 /* KML_Point_Test.kml in Resources */ = {isa = PBXBuildFile; fileRef = 3491C8221E5D1A1000A2FA04 /* KML_Point_Test.kml */; };
		3491C8431E5D1A2200A2FA04 /* KML_Polygon_Test.kml in Resources */ = {isa = PBXBuildFile; fileRef = 3491C8231E5D1A1000A2FA04 /* KML_Polygon_Test.kml */; };
		3491C8441E5D1A2200A2FA04 /* KML_Style_Test.kml in Resources */ = {isa = PBXBuildFile; fileRef = 3491C8241E5D1A1000A2FA04 /* KML_Style_Test.kml */; };
		3491C8491E5D2D5300A2FA04 /* GeoJSONViewController.m in Sources */ = {isa = PBXBuildFile; fileRef = 3491C8461E5D2D5300A2FA04 /* GeoJSONViewController.m */; };
		3491C84A1E5D2D5300A2FA04 /* KMLViewController.m in Sources */ = {isa = PBXBuildFile; fileRef = 3491C8481E5D2D5300A2FA04 /* KMLViewController.m */; };
		3491C84F1E5D2DB200A2FA04 /* GeoJSON_Sample.geojson in Resources */ = {isa = PBXBuildFile; fileRef = 3491C84C1E5D2DB200A2FA04 /* GeoJSON_Sample.geojson */; };
		3491C8501E5D2DB200A2FA04 /* KML_Sample.kml in Resources */ = {isa = PBXBuildFile; fileRef = 3491C84E1E5D2DB200A2FA04 /* KML_Sample.kml */; };
		49CAD6F870C5583C82B43593 /* libPods-DevApp.a in Frameworks */ = {isa = PBXBuildFile; fileRef = 662F6FAE156096701716AEEC /* libPods-DevApp.a */; };
		8869518CED7812A43442DF2E /* libPods-UnitTest.a in Frameworks */ = {isa = PBXBuildFile; fileRef = 50EB71F39B4F31FF9127AD8B /* libPods-UnitTest.a */; };
		B4F945371F02180900FBF534 /* GMUHeatmapTileLayer.m in Sources */ = {isa = PBXBuildFile; fileRef = B4F945321F02180900FBF534 /* GMUHeatmapTileLayer.m */; };
		B4F945381F02180900FBF534 /* GMUGradient.m in Sources */ = {isa = PBXBuildFile; fileRef = B4F945351F02180900FBF534 /* GMUGradient.m */; };
		B4F945391F02180900FBF534 /* GMUWeightedLatLng.m in Sources */ = {isa = PBXBuildFile; fileRef = B4F945361F02180900FBF534 /* GMUWeightedLatLng.m */; };
		B4F9453C1F02181900FBF534 /* HeatmapViewController.m in Sources */ = {isa = PBXBuildFile; fileRef = B4F9453A1F02181900FBF534 /* HeatmapViewController.m */; };
/* End PBXBuildFile section */

/* Begin PBXContainerItemProxy section */
		0242D1E71C7C1CB900557130 /* PBXContainerItemProxy */ = {
			isa = PBXContainerItemProxy;
			containerPortal = 0242D1721C7C16A400557130 /* Project object */;
			proxyType = 1;
			remoteGlobalIDString = 0242D1791C7C16A400557130;
			remoteInfo = GoogleMapsUtils;
		};
		0242D2041C7D3AC300557130 /* PBXContainerItemProxy */ = {
			isa = PBXContainerItemProxy;
			containerPortal = 0242D1721C7C16A400557130 /* Project object */;
			proxyType = 1;
			remoteGlobalIDString = 0242D1791C7C16A400557130;
			remoteInfo = GoogleMapsUtils;
		};
/* End PBXContainerItemProxy section */

/* Begin PBXCopyFilesBuildPhase section */
		0242D1781C7C16A400557130 /* CopyFiles */ = {
			isa = PBXCopyFilesBuildPhase;
			buildActionMask = 2147483647;
			dstPath = "include/$(PRODUCT_NAME)";
			dstSubfolderSpec = 16;
			files = (
			);
			runOnlyForDeploymentPostprocessing = 0;
		};
/* End PBXCopyFilesBuildPhase section */

/* Begin PBXFileReference section */
		0229C0F71D9A461000551202 /* GMU-DevApp.release.xcconfig */ = {isa = PBXFileReference; fileEncoding = 4; lastKnownFileType = text.xcconfig; path = "GMU-DevApp.release.xcconfig"; sourceTree = "<group>"; };
		0229C0F81D9A461000551202 /* GMU-DevApp.debug.xcconfig */ = {isa = PBXFileReference; fileEncoding = 4; lastKnownFileType = text.xcconfig; path = "GMU-DevApp.debug.xcconfig"; sourceTree = "<group>"; };
		0229C0FB1D9B4C0800551202 /* CustomMarkerViewController.h */ = {isa = PBXFileReference; fileEncoding = 4; lastKnownFileType = sourcecode.c.h; name = CustomMarkerViewController.h; path = ../app/CustomMarkerViewController.h; sourceTree = "<group>"; };
		0229C0FC1D9B4C0800551202 /* CustomMarkerViewController.m */ = {isa = PBXFileReference; fileEncoding = 4; lastKnownFileType = sourcecode.c.objc; name = CustomMarkerViewController.m; path = ../app/CustomMarkerViewController.m; sourceTree = "<group>"; };
		0233207B1CACF991008024F2 /* GMUNonHierarchicalDistanceBasedAlgorithm.h */ = {isa = PBXFileReference; fileEncoding = 4; lastKnownFileType = sourcecode.c.h; path = GMUNonHierarchicalDistanceBasedAlgorithm.h; sourceTree = "<group>"; };
		0233207C1CACF991008024F2 /* GMUNonHierarchicalDistanceBasedAlgorithm.m */ = {isa = PBXFileReference; fileEncoding = 4; lastKnownFileType = sourcecode.c.objc; path = GMUNonHierarchicalDistanceBasedAlgorithm.m; sourceTree = "<group>"; };
		023320811CB20086008024F2 /* GMUWrappingDictionaryKey.h */ = {isa = PBXFileReference; fileEncoding = 4; lastKnownFileType = sourcecode.c.h; path = GMUWrappingDictionaryKey.h; sourceTree = "<group>"; };
		023320821CB20086008024F2 /* GMUWrappingDictionaryKey.m */ = {isa = PBXFileReference; fileEncoding = 4; lastKnownFileType = sourcecode.c.objc; path = GMUWrappingDictionaryKey.m; sourceTree = "<group>"; };
		0242D17A1C7C16A400557130 /* libGoogleMapsUtils.a */ = {isa = PBXFileReference; explicitFileType = archive.ar; includeInIndex = 0; path = libGoogleMapsUtils.a; sourceTree = BUILT_PRODUCTS_DIR; };
		0242D1871C7C18CA00557130 /* GMU-UnitTest.debug.xcconfig */ = {isa = PBXFileReference; lastKnownFileType = text.xcconfig; path = "GMU-UnitTest.debug.xcconfig"; sourceTree = "<group>"; };
		0242D18C1C7C19E600557130 /* GMUClusterAlgorithm.h */ = {isa = PBXFileReference; fileEncoding = 4; lastKnownFileType = sourcecode.c.h; path = GMUClusterAlgorithm.h; sourceTree = "<group>"; };
		0242D18D1C7C19E600557130 /* GMUGridBasedClusterAlgorithm.h */ = {isa = PBXFileReference; fileEncoding = 4; lastKnownFileType = sourcecode.c.h; path = GMUGridBasedClusterAlgorithm.h; sourceTree = "<group>"; };
		0242D18E1C7C19E600557130 /* GMUGridBasedClusterAlgorithm.m */ = {isa = PBXFileReference; fileEncoding = 4; lastKnownFileType = sourcecode.c.objc; path = GMUGridBasedClusterAlgorithm.m; sourceTree = "<group>"; };
		0242D18F1C7C19E600557130 /* GMUSimpleClusterAlgorithm.h */ = {isa = PBXFileReference; fileEncoding = 4; lastKnownFileType = sourcecode.c.h; path = GMUSimpleClusterAlgorithm.h; sourceTree = "<group>"; };
		0242D1901C7C19E600557130 /* GMUSimpleClusterAlgorithm.m */ = {isa = PBXFileReference; fileEncoding = 4; lastKnownFileType = sourcecode.c.objc; path = GMUSimpleClusterAlgorithm.m; sourceTree = "<group>"; };
		0242D1911C7C19E600557130 /* GMUCluster.h */ = {isa = PBXFileReference; fileEncoding = 4; lastKnownFileType = sourcecode.c.h; path = GMUCluster.h; sourceTree = "<group>"; };
		0242D1921C7C19E600557130 /* GMUClusterItem.h */ = {isa = PBXFileReference; fileEncoding = 4; lastKnownFileType = sourcecode.c.h; path = GMUClusterItem.h; sourceTree = "<group>"; };
		0242D1931C7C19E600557130 /* GMUClusterManager.h */ = {isa = PBXFileReference; fileEncoding = 4; lastKnownFileType = sourcecode.c.h; path = GMUClusterManager.h; sourceTree = "<group>"; };
		0242D1941C7C19E600557130 /* GMUClusterManager.m */ = {isa = PBXFileReference; fileEncoding = 4; lastKnownFileType = sourcecode.c.objc; path = GMUClusterManager.m; sourceTree = "<group>"; };
		0242D1951C7C19E600557130 /* GMUStaticCluster.h */ = {isa = PBXFileReference; fileEncoding = 4; lastKnownFileType = sourcecode.c.h; path = GMUStaticCluster.h; sourceTree = "<group>"; };
		0242D1961C7C19E600557130 /* GMUStaticCluster.m */ = {isa = PBXFileReference; fileEncoding = 4; lastKnownFileType = sourcecode.c.objc; path = GMUStaticCluster.m; sourceTree = "<group>"; };
		0242D19F1C7C19E600557130 /* GMUClusterIconGenerator.h */ = {isa = PBXFileReference; fileEncoding = 4; lastKnownFileType = sourcecode.c.h; path = GMUClusterIconGenerator.h; sourceTree = "<group>"; };
		0242D1A01C7C19E600557130 /* GMUClusterRenderer.h */ = {isa = PBXFileReference; fileEncoding = 4; lastKnownFileType = sourcecode.c.h; path = GMUClusterRenderer.h; sourceTree = "<group>"; };
		0242D1A11C7C19E600557130 /* GMUDefaultClusterIconGenerator.h */ = {isa = PBXFileReference; fileEncoding = 4; lastKnownFileType = sourcecode.c.h; path = GMUDefaultClusterIconGenerator.h; sourceTree = "<group>"; };
		0242D1A21C7C19E600557130 /* GMUDefaultClusterIconGenerator.m */ = {isa = PBXFileReference; fileEncoding = 4; lastKnownFileType = sourcecode.c.objc; path = GMUDefaultClusterIconGenerator.m; sourceTree = "<group>"; };
		0242D1A31C7C19E600557130 /* GMUDefaultClusterRenderer.h */ = {isa = PBXFileReference; fileEncoding = 4; lastKnownFileType = sourcecode.c.h; path = GMUDefaultClusterRenderer.h; sourceTree = "<group>"; };
		0242D1A41C7C19E600557130 /* GMUDefaultClusterRenderer.m */ = {isa = PBXFileReference; fileEncoding = 4; lastKnownFileType = sourcecode.c.objc; path = GMUDefaultClusterRenderer.m; sourceTree = "<group>"; };
		0242D1AC1C7C19F700557130 /* GQTBounds.h */ = {isa = PBXFileReference; fileEncoding = 4; lastKnownFileType = sourcecode.c.h; path = GQTBounds.h; sourceTree = "<group>"; };
		0242D1AD1C7C19F700557130 /* GQTPoint.h */ = {isa = PBXFileReference; fileEncoding = 4; lastKnownFileType = sourcecode.c.h; path = GQTPoint.h; sourceTree = "<group>"; };
		0242D1AE1C7C19F700557130 /* GQTPointQuadTree.h */ = {isa = PBXFileReference; fileEncoding = 4; lastKnownFileType = sourcecode.c.h; path = GQTPointQuadTree.h; sourceTree = "<group>"; };
		0242D1AF1C7C19F700557130 /* GQTPointQuadTree.m */ = {isa = PBXFileReference; fileEncoding = 4; lastKnownFileType = sourcecode.c.objc; path = GQTPointQuadTree.m; sourceTree = "<group>"; };
		0242D1B01C7C19F700557130 /* GQTPointQuadTreeChild.h */ = {isa = PBXFileReference; fileEncoding = 4; lastKnownFileType = sourcecode.c.h; path = GQTPointQuadTreeChild.h; sourceTree = "<group>"; };
		0242D1B11C7C19F700557130 /* GQTPointQuadTreeChild.m */ = {isa = PBXFileReference; fileEncoding = 4; lastKnownFileType = sourcecode.c.objc; path = GQTPointQuadTreeChild.m; sourceTree = "<group>"; };
		0242D1B21C7C19F700557130 /* GQTPointQuadTreeItem.h */ = {isa = PBXFileReference; fileEncoding = 4; lastKnownFileType = sourcecode.c.h; path = GQTPointQuadTreeItem.h; sourceTree = "<group>"; };
		0242D1CC1C7C1C1F00557130 /* DevApp.app */ = {isa = PBXFileReference; explicitFileType = wrapper.application; includeInIndex = 0; path = DevApp.app; sourceTree = BUILT_PRODUCTS_DIR; };
		0242D1FE1C7D3AC300557130 /* UnitTest.xctest */ = {isa = PBXFileReference; explicitFileType = wrapper.cfbundle; includeInIndex = 0; path = UnitTest.xctest; sourceTree = BUILT_PRODUCTS_DIR; };
		0242D20F1C7E72C500557130 /* GMU-UnitTest.release.xcconfig */ = {isa = PBXFileReference; lastKnownFileType = text.xcconfig; path = "GMU-UnitTest.release.xcconfig"; sourceTree = "<group>"; };
		0242D2161C7E759D00557130 /* GMUStaticClusterTest.m */ = {isa = PBXFileReference; fileEncoding = 4; lastKnownFileType = sourcecode.c.objc; path = GMUStaticClusterTest.m; sourceTree = "<group>"; };
		0245B58B1CED786A00ABBB7D /* GMUWrappingDictionaryKeyTest.m */ = {isa = PBXFileReference; fileEncoding = 4; lastKnownFileType = sourcecode.c.objc; path = GMUWrappingDictionaryKeyTest.m; sourceTree = "<group>"; };
		0245B58D1CEED4CB00ABBB7D /* GMUGridBasedClusterAlgorithmTest.m */ = {isa = PBXFileReference; fileEncoding = 4; lastKnownFileType = sourcecode.c.objc; path = GMUGridBasedClusterAlgorithmTest.m; sourceTree = "<group>"; };
		0245B58F1CEEE8E900ABBB7D /* GMUClusterAlgorithmTest.m */ = {isa = PBXFileReference; fileEncoding = 4; lastKnownFileType = sourcecode.c.objc; path = GMUClusterAlgorithmTest.m; sourceTree = "<group>"; };
		0245B5911CEEE93200ABBB7D /* GMUClusterAlgorithmTest.h */ = {isa = PBXFileReference; lastKnownFileType = sourcecode.c.h; path = GMUClusterAlgorithmTest.h; sourceTree = "<group>"; };
		02847CFE1CF2949700508850 /* GMUNonHierarchicalDistanceBasedAlgorithmTest.m */ = {isa = PBXFileReference; fileEncoding = 4; lastKnownFileType = sourcecode.c.objc; path = GMUNonHierarchicalDistanceBasedAlgorithmTest.m; sourceTree = "<group>"; };
		02847D011CF3F61400508850 /* GMUDefaultClusterRendererTest.m */ = {isa = PBXFileReference; fileEncoding = 4; lastKnownFileType = sourcecode.c.objc; path = GMUDefaultClusterRendererTest.m; sourceTree = "<group>"; };
		02847D081CF4053200508850 /* GMUTestClusterItem.h */ = {isa = PBXFileReference; fileEncoding = 4; lastKnownFileType = sourcecode.c.h; name = GMUTestClusterItem.h; path = ../test/common/Model/GMUTestClusterItem.h; sourceTree = "<group>"; };
		02847D091CF4053200508850 /* GMUTestClusterItem.m */ = {isa = PBXFileReference; fileEncoding = 4; lastKnownFileType = sourcecode.c.objc; name = GMUTestClusterItem.m; path = ../test/common/Model/GMUTestClusterItem.m; sourceTree = "<group>"; };
		02847D0B1CF5239900508850 /* GMUClusterManagerTest.m */ = {isa = PBXFileReference; fileEncoding = 4; lastKnownFileType = sourcecode.c.objc; path = GMUClusterManagerTest.m; sourceTree = "<group>"; };
		028A1BBB1D9A39CA00C4A4FF /* AppApiKey.h */ = {isa = PBXFileReference; lastKnownFileType = sourcecode.c.h; name = AppApiKey.h; path = ../app/AppApiKey.h; sourceTree = "<group>"; };
		028A1BBC1D9A3B1900C4A4FF /* Samples.h */ = {isa = PBXFileReference; fileEncoding = 4; lastKnownFileType = sourcecode.c.h; name = Samples.h; path = ../app/Samples.h; sourceTree = "<group>"; };
		028A1BBD1D9A3B1900C4A4FF /* Samples.m */ = {isa = PBXFileReference; fileEncoding = 4; lastKnownFileType = sourcecode.c.objc; name = Samples.m; path = ../app/Samples.m; sourceTree = "<group>"; };
		029EAC2E1D9A353D00797AE7 /* MasterViewController.h */ = {isa = PBXFileReference; fileEncoding = 4; lastKnownFileType = sourcecode.c.h; name = MasterViewController.h; path = ../app/MasterViewController.h; sourceTree = "<group>"; };
		029EAC2F1D9A353D00797AE7 /* MasterViewController.m */ = {isa = PBXFileReference; fileEncoding = 4; lastKnownFileType = sourcecode.c.objc; name = MasterViewController.m; path = ../app/MasterViewController.m; sourceTree = "<group>"; };
		02B36A9D1D124FD900EA3A86 /* GMUClusterManager+Testing.h */ = {isa = PBXFileReference; lastKnownFileType = sourcecode.c.h; path = "GMUClusterManager+Testing.h"; sourceTree = "<group>"; };
		02B36A9E1D1253C100EA3A86 /* GMUDefaultClusterIconGenerator+Testing.h */ = {isa = PBXFileReference; lastKnownFileType = sourcecode.c.h; path = "GMUDefaultClusterIconGenerator+Testing.h"; sourceTree = "<group>"; };
		02B36A9F1D125E7A00EA3A86 /* GMUDefaultClusterRenderer+Testing.h */ = {isa = PBXFileReference; lastKnownFileType = sourcecode.c.h; path = "GMUDefaultClusterRenderer+Testing.h"; sourceTree = "<group>"; };
		02B36AE81D1A640E00EA3A86 /* GMUMarkerClustering.h */ = {isa = PBXFileReference; lastKnownFileType = sourcecode.c.h; path = GMUMarkerClustering.h; sourceTree = "<group>"; };
		02BB275F1D741A5300DE1EF0 /* GMU-Target.common.xcconfig */ = {isa = PBXFileReference; fileEncoding = 4; lastKnownFileType = text.xcconfig; path = "GMU-Target.common.xcconfig"; sourceTree = "<group>"; };
		02DEA4C51CFBC0B900ACF7D8 /* GQTPointQuadTreeTest.m */ = {isa = PBXFileReference; fileEncoding = 4; lastKnownFileType = sourcecode.c.objc; name = GQTPointQuadTreeTest.m; path = ../test/unit/QuadTree/GQTPointQuadTreeTest.m; sourceTree = "<group>"; };
		02DEA4C71CFC0DDF00ACF7D8 /* GMUDefaultClusterIconGeneratorTest.m */ = {isa = PBXFileReference; fileEncoding = 4; lastKnownFileType = sourcecode.c.objc; path = GMUDefaultClusterIconGeneratorTest.m; sourceTree = "<group>"; };
		02F87BE01D20B53B00C65016 /* BasicViewController.m */ = {isa = PBXFileReference; fileEncoding = 4; lastKnownFileType = sourcecode.c.objc; name = BasicViewController.m; path = ../app/BasicViewController.m; sourceTree = "<group>"; };
		02F87BE11D20B53B00C65016 /* BasicViewController.h */ = {isa = PBXFileReference; fileEncoding = 4; lastKnownFileType = sourcecode.c.h; name = BasicViewController.h; path = ../app/BasicViewController.h; sourceTree = "<group>"; };
		02F87BE21D20B53B00C65016 /* POIItem.m */ = {isa = PBXFileReference; fileEncoding = 4; lastKnownFileType = sourcecode.c.objc; name = POIItem.m; path = ../app/POIItem.m; sourceTree = "<group>"; };
		02F87BE31D20B53B00C65016 /* POIItem.h */ = {isa = PBXFileReference; fileEncoding = 4; lastKnownFileType = sourcecode.c.h; name = POIItem.h; path = ../app/POIItem.h; sourceTree = "<group>"; };
		02F87BE41D20B53B00C65016 /* main.m */ = {isa = PBXFileReference; fileEncoding = 4; lastKnownFileType = sourcecode.c.objc; name = main.m; path = ../app/main.m; sourceTree = "<group>"; };
		02F87BE51D20B53B00C65016 /* AppDelegate.m */ = {isa = PBXFileReference; fileEncoding = 4; lastKnownFileType = sourcecode.c.objc; name = AppDelegate.m; path = ../app/AppDelegate.m; sourceTree = "<group>"; };
		02F87BE61D20B53B00C65016 /* AppDelegate.h */ = {isa = PBXFileReference; fileEncoding = 4; lastKnownFileType = sourcecode.c.h; name = AppDelegate.h; path = ../app/AppDelegate.h; sourceTree = "<group>"; };
		02F87BE91D20B53B00C65016 /* m1.png */ = {isa = PBXFileReference; lastKnownFileType = image.png; path = m1.png; sourceTree = "<group>"; };
		02F87BEA1D20B53B00C65016 /* m2.png */ = {isa = PBXFileReference; lastKnownFileType = image.png; path = m2.png; sourceTree = "<group>"; };
		02F87BEB1D20B53B00C65016 /* m3.png */ = {isa = PBXFileReference; lastKnownFileType = image.png; path = m3.png; sourceTree = "<group>"; };
		02F87BEC1D20B53B00C65016 /* m4.png */ = {isa = PBXFileReference; lastKnownFileType = image.png; path = m4.png; sourceTree = "<group>"; };
		02F87BED1D20B53B00C65016 /* m5.png */ = {isa = PBXFileReference; lastKnownFileType = image.png; path = m5.png; sourceTree = "<group>"; };
		02F87BEE1D20B53B00C65016 /* Info.plist */ = {isa = PBXFileReference; fileEncoding = 4; lastKnownFileType = text.plist.xml; name = Info.plist; path = ../app/Info.plist; sourceTree = "<group>"; };
		02F87BF11D20B53B00C65016 /* Base */ = {isa = PBXFileReference; lastKnownFileType = file.storyboard; name = Base; path = LaunchScreen.storyboard; sourceTree = "<group>"; };
		02F87BF31D20B53B00C65016 /* Base */ = {isa = PBXFileReference; lastKnownFileType = file.storyboard; name = Base; path = Main.storyboard; sourceTree = "<group>"; };
		043A473A3B5B27C4AF01E536 /* Pods-DevApp.debug.xcconfig */ = {isa = PBXFileReference; includeInIndex = 1; lastKnownFileType = text.xcconfig; name = "Pods-DevApp.debug.xcconfig"; path = "Pods/Target Support Files/Pods-DevApp/Pods-DevApp.debug.xcconfig"; sourceTree = "<group>"; };
		3491C7BE1E5D184A00A2FA04 /* GMUGeoJSONParser.h */ = {isa = PBXFileReference; fileEncoding = 4; lastKnownFileType = sourcecode.c.h; path = GMUGeoJSONParser.h; sourceTree = "<group>"; };
		3491C7BF1E5D184A00A2FA04 /* GMUGeoJSONParser.m */ = {isa = PBXFileReference; fileEncoding = 4; lastKnownFileType = sourcecode.c.objc; path = GMUGeoJSONParser.m; sourceTree = "<group>"; };
		3491C7C01E5D184A00A2FA04 /* GMUGeometryRenderer+Testing.h */ = {isa = PBXFileReference; fileEncoding = 4; lastKnownFileType = sourcecode.c.h; path = "GMUGeometryRenderer+Testing.h"; sourceTree = "<group>"; };
		3491C7C11E5D184A00A2FA04 /* GMUGeometryRenderer.h */ = {isa = PBXFileReference; fileEncoding = 4; lastKnownFileType = sourcecode.c.h; path = GMUGeometryRenderer.h; sourceTree = "<group>"; };
		3491C7C21E5D184A00A2FA04 /* GMUGeometryRenderer.m */ = {isa = PBXFileReference; fileEncoding = 4; lastKnownFileType = sourcecode.c.objc; path = GMUGeometryRenderer.m; sourceTree = "<group>"; };
		3491C7C31E5D184A00A2FA04 /* GMUKMLParser.h */ = {isa = PBXFileReference; fileEncoding = 4; lastKnownFileType = sourcecode.c.h; path = GMUKMLParser.h; sourceTree = "<group>"; };
		3491C7C41E5D184A00A2FA04 /* GMUKMLParser.m */ = {isa = PBXFileReference; fileEncoding = 4; lastKnownFileType = sourcecode.c.objc; path = GMUKMLParser.m; sourceTree = "<group>"; };
		3491C7C61E5D184A00A2FA04 /* GMUFeature.h */ = {isa = PBXFileReference; fileEncoding = 4; lastKnownFileType = sourcecode.c.h; path = GMUFeature.h; sourceTree = "<group>"; };
		3491C7C71E5D184A00A2FA04 /* GMUFeature.m */ = {isa = PBXFileReference; fileEncoding = 4; lastKnownFileType = sourcecode.c.objc; path = GMUFeature.m; sourceTree = "<group>"; };
		3491C7C81E5D184A00A2FA04 /* GMUGeometry.h */ = {isa = PBXFileReference; fileEncoding = 4; lastKnownFileType = sourcecode.c.h; path = GMUGeometry.h; sourceTree = "<group>"; };
		3491C7C91E5D184A00A2FA04 /* GMUGeometryCollection.h */ = {isa = PBXFileReference; fileEncoding = 4; lastKnownFileType = sourcecode.c.h; path = GMUGeometryCollection.h; sourceTree = "<group>"; };
		3491C7CA1E5D184A00A2FA04 /* GMUGeometryCollection.m */ = {isa = PBXFileReference; fileEncoding = 4; lastKnownFileType = sourcecode.c.objc; path = GMUGeometryCollection.m; sourceTree = "<group>"; };
		3491C7CB1E5D184A00A2FA04 /* GMUGeometryContainer.h */ = {isa = PBXFileReference; fileEncoding = 4; lastKnownFileType = sourcecode.c.h; path = GMUGeometryContainer.h; sourceTree = "<group>"; };
		3491C7CC1E5D184A00A2FA04 /* GMUGroundOverlay.h */ = {isa = PBXFileReference; fileEncoding = 4; lastKnownFileType = sourcecode.c.h; path = GMUGroundOverlay.h; sourceTree = "<group>"; };
		3491C7CD1E5D184A00A2FA04 /* GMUGroundOverlay.m */ = {isa = PBXFileReference; fileEncoding = 4; lastKnownFileType = sourcecode.c.objc; path = GMUGroundOverlay.m; sourceTree = "<group>"; };
		3491C7CE1E5D184A00A2FA04 /* GMULineString.h */ = {isa = PBXFileReference; fileEncoding = 4; lastKnownFileType = sourcecode.c.h; path = GMULineString.h; sourceTree = "<group>"; };
		3491C7CF1E5D184A00A2FA04 /* GMULineString.m */ = {isa = PBXFileReference; fileEncoding = 4; lastKnownFileType = sourcecode.c.objc; path = GMULineString.m; sourceTree = "<group>"; };
		3491C7D01E5D184A00A2FA04 /* GMUPlacemark.h */ = {isa = PBXFileReference; fileEncoding = 4; lastKnownFileType = sourcecode.c.h; path = GMUPlacemark.h; sourceTree = "<group>"; };
		3491C7D11E5D184A00A2FA04 /* GMUPlacemark.m */ = {isa = PBXFileReference; fileEncoding = 4; lastKnownFileType = sourcecode.c.objc; path = GMUPlacemark.m; sourceTree = "<group>"; };
		3491C7D21E5D184A00A2FA04 /* GMUPoint.h */ = {isa = PBXFileReference; fileEncoding = 4; lastKnownFileType = sourcecode.c.h; path = GMUPoint.h; sourceTree = "<group>"; };
		3491C7D31E5D184A00A2FA04 /* GMUPoint.m */ = {isa = PBXFileReference; fileEncoding = 4; lastKnownFileType = sourcecode.c.objc; path = GMUPoint.m; sourceTree = "<group>"; };
		3491C7D41E5D184A00A2FA04 /* GMUPolygon.h */ = {isa = PBXFileReference; fileEncoding = 4; lastKnownFileType = sourcecode.c.h; path = GMUPolygon.h; sourceTree = "<group>"; };
		3491C7D51E5D184A00A2FA04 /* GMUPolygon.m */ = {isa = PBXFileReference; fileEncoding = 4; lastKnownFileType = sourcecode.c.objc; path = GMUPolygon.m; sourceTree = "<group>"; };
		3491C7D61E5D184A00A2FA04 /* GMUStyle.h */ = {isa = PBXFileReference; fileEncoding = 4; lastKnownFileType = sourcecode.c.h; path = GMUStyle.h; sourceTree = "<group>"; };
		3491C7D71E5D184A00A2FA04 /* GMUStyle.m */ = {isa = PBXFileReference; fileEncoding = 4; lastKnownFileType = sourcecode.c.objc; path = GMUStyle.m; sourceTree = "<group>"; };
		3491C7E41E5D18A100A2FA04 /* GMUFeatureTest.m */ = {isa = PBXFileReference; fileEncoding = 4; lastKnownFileType = sourcecode.c.objc; path = GMUFeatureTest.m; sourceTree = "<group>"; };
		3491C7E51E5D18A100A2FA04 /* GMUGeoJSONParserTest.m */ = {isa = PBXFileReference; fileEncoding = 4; lastKnownFileType = sourcecode.c.objc; path = GMUGeoJSONParserTest.m; sourceTree = "<group>"; };
		3491C7E61E5D18A100A2FA04 /* GMUGeometryCollectionTest.m */ = {isa = PBXFileReference; fileEncoding = 4; lastKnownFileType = sourcecode.c.objc; path = GMUGeometryCollectionTest.m; sourceTree = "<group>"; };
		3491C7E71E5D18A100A2FA04 /* GMUGeometryRendererTest.m */ = {isa = PBXFileReference; fileEncoding = 4; lastKnownFileType = sourcecode.c.objc; path = GMUGeometryRendererTest.m; sourceTree = "<group>"; };
		3491C7E81E5D18A100A2FA04 /* GMUGroundOverlayTest.m */ = {isa = PBXFileReference; fileEncoding = 4; lastKnownFileType = sourcecode.c.objc; path = GMUGroundOverlayTest.m; sourceTree = "<group>"; };
		3491C7E91E5D18A100A2FA04 /* GMUKMLParserTest.m */ = {isa = PBXFileReference; fileEncoding = 4; lastKnownFileType = sourcecode.c.objc; path = GMUKMLParserTest.m; sourceTree = "<group>"; };
		3491C7EA1E5D18A100A2FA04 /* GMULineStringTest.m */ = {isa = PBXFileReference; fileEncoding = 4; lastKnownFileType = sourcecode.c.objc; path = GMULineStringTest.m; sourceTree = "<group>"; };
		3491C7EB1E5D18A100A2FA04 /* GMUPlacemarkTest.m */ = {isa = PBXFileReference; fileEncoding = 4; lastKnownFileType = sourcecode.c.objc; path = GMUPlacemarkTest.m; sourceTree = "<group>"; };
		3491C7EC1E5D18A100A2FA04 /* GMUPointTest.m */ = {isa = PBXFileReference; fileEncoding = 4; lastKnownFileType = sourcecode.c.objc; path = GMUPointTest.m; sourceTree = "<group>"; };
		3491C7ED1E5D18A100A2FA04 /* GMUPolygonTest.m */ = {isa = PBXFileReference; fileEncoding = 4; lastKnownFileType = sourcecode.c.objc; path = GMUPolygonTest.m; sourceTree = "<group>"; };
		3491C7EE1E5D18A100A2FA04 /* GMUStyleTest.mm */ = {isa = PBXFileReference; fileEncoding = 4; lastKnownFileType = sourcecode.cpp.objcpp; path = GMUStyleTest.mm; sourceTree = "<group>"; };
		3491C8141E5D1A1000A2FA04 /* GeoJSON_Feature_Test.geojson */ = {isa = PBXFileReference; fileEncoding = 4; lastKnownFileType = text; path = GeoJSON_Feature_Test.geojson; sourceTree = "<group>"; };
		3491C8151E5D1A1000A2FA04 /* GeoJSON_FeatureCollection_Test.geojson */ = {isa = PBXFileReference; fileEncoding = 4; lastKnownFileType = text; path = GeoJSON_FeatureCollection_Test.geojson; sourceTree = "<group>"; };
		3491C8161E5D1A1000A2FA04 /* GeoJSON_GeometryCollection_Test.geojson */ = {isa = PBXFileReference; fileEncoding = 4; lastKnownFileType = text; path = GeoJSON_GeometryCollection_Test.geojson; sourceTree = "<group>"; };
		3491C8171E5D1A1000A2FA04 /* GeoJSON_LineString_Test.geojson */ = {isa = PBXFileReference; fileEncoding = 4; lastKnownFileType = text; path = GeoJSON_LineString_Test.geojson; sourceTree = "<group>"; };
		3491C8181E5D1A1000A2FA04 /* GeoJSON_MultiLineString_Test.geojson */ = {isa = PBXFileReference; fileEncoding = 4; lastKnownFileType = text; path = GeoJSON_MultiLineString_Test.geojson; sourceTree = "<group>"; };
		3491C8191E5D1A1000A2FA04 /* GeoJSON_MultiPoint_Test.geojson */ = {isa = PBXFileReference; fileEncoding = 4; lastKnownFileType = text; path = GeoJSON_MultiPoint_Test.geojson; sourceTree = "<group>"; };
		3491C81A1E5D1A1000A2FA04 /* GeoJSON_MultiPolygon_Test.geojson */ = {isa = PBXFileReference; fileEncoding = 4; lastKnownFileType = text; path = GeoJSON_MultiPolygon_Test.geojson; sourceTree = "<group>"; };
		3491C81B1E5D1A1000A2FA04 /* GeoJSON_Point_Test.geojson */ = {isa = PBXFileReference; fileEncoding = 4; lastKnownFileType = text; path = GeoJSON_Point_Test.geojson; sourceTree = "<group>"; };
		3491C81C1E5D1A1000A2FA04 /* GeoJSON_Polygon_Test.geojson */ = {isa = PBXFileReference; fileEncoding = 4; lastKnownFileType = text; path = GeoJSON_Polygon_Test.geojson; sourceTree = "<group>"; };
		3491C81E1E5D1A1000A2FA04 /* KML_GroundOverlay_Test.kml */ = {isa = PBXFileReference; fileEncoding = 4; lastKnownFileType = text.xml; path = KML_GroundOverlay_Test.kml; sourceTree = "<group>"; };
		3491C81F1E5D1A1000A2FA04 /* KML_LineString_Test.kml */ = {isa = PBXFileReference; fileEncoding = 4; lastKnownFileType = text.xml; path = KML_LineString_Test.kml; sourceTree = "<group>"; };
		3491C8201E5D1A1000A2FA04 /* KML_MultiGeometry_Test.kml */ = {isa = PBXFileReference; fileEncoding = 4; lastKnownFileType = text.xml; path = KML_MultiGeometry_Test.kml; sourceTree = "<group>"; };
		3491C8211E5D1A1000A2FA04 /* KML_Placemark_Test.kml */ = {isa = PBXFileReference; fileEncoding = 4; lastKnownFileType = text.xml; path = KML_Placemark_Test.kml; sourceTree = "<group>"; };
		3491C8221E5D1A1000A2FA04 /* KML_Point_Test.kml */ = {isa = PBXFileReference; fileEncoding = 4; lastKnownFileType = text.xml; path = KML_Point_Test.kml; sourceTree = "<group>"; };
		3491C8231E5D1A1000A2FA04 /* KML_Polygon_Test.kml */ = {isa = PBXFileReference; fileEncoding = 4; lastKnownFileType = text.xml; path = KML_Polygon_Test.kml; sourceTree = "<group>"; };
		3491C8241E5D1A1000A2FA04 /* KML_Style_Test.kml */ = {isa = PBXFileReference; fileEncoding = 4; lastKnownFileType = text.xml; path = KML_Style_Test.kml; sourceTree = "<group>"; };
		3491C8451E5D2D5300A2FA04 /* GeoJSONViewController.h */ = {isa = PBXFileReference; fileEncoding = 4; lastKnownFileType = sourcecode.c.h; name = GeoJSONViewController.h; path = ../app/GeoJSONViewController.h; sourceTree = "<group>"; };
		3491C8461E5D2D5300A2FA04 /* GeoJSONViewController.m */ = {isa = PBXFileReference; fileEncoding = 4; lastKnownFileType = sourcecode.c.objc; name = GeoJSONViewController.m; path = ../app/GeoJSONViewController.m; sourceTree = "<group>"; };
		3491C8471E5D2D5300A2FA04 /* KMLViewController.h */ = {isa = PBXFileReference; fileEncoding = 4; lastKnownFileType = sourcecode.c.h; name = KMLViewController.h; path = ../app/KMLViewController.h; sourceTree = "<group>"; };
		3491C8481E5D2D5300A2FA04 /* KMLViewController.m */ = {isa = PBXFileReference; fileEncoding = 4; lastKnownFileType = sourcecode.c.objc; name = KMLViewController.m; path = ../app/KMLViewController.m; sourceTree = "<group>"; };
		3491C84C1E5D2DB200A2FA04 /* GeoJSON_Sample.geojson */ = {isa = PBXFileReference; fileEncoding = 4; lastKnownFileType = text; path = GeoJSON_Sample.geojson; sourceTree = "<group>"; };
		3491C84E1E5D2DB200A2FA04 /* KML_Sample.kml */ = {isa = PBXFileReference; fileEncoding = 4; lastKnownFileType = text.xml; path = KML_Sample.kml; sourceTree = "<group>"; };
		3F9C6AB6446AF0E3F055FDF1 /* Pods-UnitTest.release.xcconfig */ = {isa = PBXFileReference; includeInIndex = 1; lastKnownFileType = text.xcconfig; name = "Pods-UnitTest.release.xcconfig"; path = "Pods/Target Support Files/Pods-UnitTest/Pods-UnitTest.release.xcconfig"; sourceTree = "<group>"; };
		50EB71F39B4F31FF9127AD8B /* libPods-UnitTest.a */ = {isa = PBXFileReference; explicitFileType = archive.ar; includeInIndex = 0; path = "libPods-UnitTest.a"; sourceTree = BUILT_PRODUCTS_DIR; };
		5E708BD83DBC2004DAEB2D44 /* Pods-UnitTest.debug.xcconfig */ = {isa = PBXFileReference; includeInIndex = 1; lastKnownFileType = text.xcconfig; name = "Pods-UnitTest.debug.xcconfig"; path = "Pods/Target Support Files/Pods-UnitTest/Pods-UnitTest.debug.xcconfig"; sourceTree = "<group>"; };
		662F6FAE156096701716AEEC /* libPods-DevApp.a */ = {isa = PBXFileReference; explicitFileType = archive.ar; includeInIndex = 0; path = "libPods-DevApp.a"; sourceTree = BUILT_PRODUCTS_DIR; };
		B4F945311F02180900FBF534 /* GMUHeatmapTileLayer.h */ = {isa = PBXFileReference; fileEncoding = 4; lastKnownFileType = sourcecode.c.h; path = GMUHeatmapTileLayer.h; sourceTree = "<group>"; };
		B4F945321F02180900FBF534 /* GMUHeatmapTileLayer.m */ = {isa = PBXFileReference; fileEncoding = 4; lastKnownFileType = sourcecode.c.objc; path = GMUHeatmapTileLayer.m; sourceTree = "<group>"; };
		B4F945331F02180900FBF534 /* GMUGradient.h */ = {isa = PBXFileReference; fileEncoding = 4; lastKnownFileType = sourcecode.c.h; path = GMUGradient.h; sourceTree = "<group>"; };
		B4F945341F02180900FBF534 /* GMUWeightedLatLng.h */ = {isa = PBXFileReference; fileEncoding = 4; lastKnownFileType = sourcecode.c.h; path = GMUWeightedLatLng.h; sourceTree = "<group>"; };
		B4F945351F02180900FBF534 /* GMUGradient.m */ = {isa = PBXFileReference; fileEncoding = 4; lastKnownFileType = sourcecode.c.objc; path = GMUGradient.m; sourceTree = "<group>"; };
		B4F945361F02180900FBF534 /* GMUWeightedLatLng.m */ = {isa = PBXFileReference; fileEncoding = 4; lastKnownFileType = sourcecode.c.objc; path = GMUWeightedLatLng.m; sourceTree = "<group>"; };
		B4F9453A1F02181900FBF534 /* HeatmapViewController.m */ = {isa = PBXFileReference; fileEncoding = 4; lastKnownFileType = sourcecode.c.objc; name = HeatmapViewController.m; path = ../app/HeatmapViewController.m; sourceTree = "<group>"; };
		B4F9453B1F02181900FBF534 /* HeatmapViewController.h */ = {isa = PBXFileReference; fileEncoding = 4; lastKnownFileType = sourcecode.c.h; name = HeatmapViewController.h; path = ../app/HeatmapViewController.h; sourceTree = "<group>"; };
		EF75722FCCF71E3F0611D17F /* Pods-DevApp.release.xcconfig */ = {isa = PBXFileReference; includeInIndex = 1; lastKnownFileType = text.xcconfig; name = "Pods-DevApp.release.xcconfig"; path = "Pods/Target Support Files/Pods-DevApp/Pods-DevApp.release.xcconfig"; sourceTree = "<group>"; };
/* End PBXFileReference section */

/* Begin PBXFrameworksBuildPhase section */
		0242D1771C7C16A400557130 /* Frameworks */ = {
			isa = PBXFrameworksBuildPhase;
			buildActionMask = 2147483647;
			files = (
			);
			runOnlyForDeploymentPostprocessing = 0;
		};
		0242D1C91C7C1C1F00557130 /* Frameworks */ = {
			isa = PBXFrameworksBuildPhase;
			buildActionMask = 2147483647;
			files = (
				0242D1E91C7C1CC100557130 /* libGoogleMapsUtils.a in Frameworks */,
				49CAD6F870C5583C82B43593 /* libPods-DevApp.a in Frameworks */,
			);
			runOnlyForDeploymentPostprocessing = 0;
		};
		0242D1FB1C7D3AC300557130 /* Frameworks */ = {
			isa = PBXFrameworksBuildPhase;
			buildActionMask = 2147483647;
			files = (
				0242D2031C7D3AC300557130 /* libGoogleMapsUtils.a in Frameworks */,
				8869518CED7812A43442DF2E /* libPods-UnitTest.a in Frameworks */,
			);
			runOnlyForDeploymentPostprocessing = 0;
		};
/* End PBXFrameworksBuildPhase section */

/* Begin PBXGroup section */
		0242D1711C7C16A400557130 = {
			isa = PBXGroup;
			children = (
				0242D1B51C7C1A2100557130 /* App */,
				0242D1881C7C19A500557130 /* Source */,
				0242D2101C7E752B00557130 /* Test */,
				0242D17B1C7C16A400557130 /* Products */,
				6C7B7BB481303A2DDF543C73 /* Pods */,
				0242D1861C7C188000557130 /* XcodeConfig */,
				456BADDE8195197F06EDEE32 /* Frameworks */,
			);
			sourceTree = "<group>";
		};
		0242D17B1C7C16A400557130 /* Products */ = {
			isa = PBXGroup;
			children = (
				0242D17A1C7C16A400557130 /* libGoogleMapsUtils.a */,
				0242D1CC1C7C1C1F00557130 /* DevApp.app */,
				0242D1FE1C7D3AC300557130 /* UnitTest.xctest */,
			);
			name = Products;
			sourceTree = "<group>";
		};
		0242D1861C7C188000557130 /* XcodeConfig */ = {
			isa = PBXGroup;
			children = (
				0229C0F71D9A461000551202 /* GMU-DevApp.release.xcconfig */,
				0229C0F81D9A461000551202 /* GMU-DevApp.debug.xcconfig */,
				02BB275F1D741A5300DE1EF0 /* GMU-Target.common.xcconfig */,
				0242D1871C7C18CA00557130 /* GMU-UnitTest.debug.xcconfig */,
				0242D20F1C7E72C500557130 /* GMU-UnitTest.release.xcconfig */,
			);
			path = XcodeConfig;
			sourceTree = "<group>";
		};
		0242D1881C7C19A500557130 /* Source */ = {
			isa = PBXGroup;
			children = (
				B4288AFD1F02177100198676 /* Heatmap */,
				0242D18A1C7C19E600557130 /* Clustering */,
				3491C7BD1E5D184A00A2FA04 /* Geometry */,
				0242D1AB1C7C19F700557130 /* QuadTree */,
			);
			name = Source;
			sourceTree = "<group>";
		};
		0242D18A1C7C19E600557130 /* Clustering */ = {
			isa = PBXGroup;
			children = (
				0242D18B1C7C19E600557130 /* Algo */,
				0242D1911C7C19E600557130 /* GMUCluster.h */,
				0242D1921C7C19E600557130 /* GMUClusterItem.h */,
				0242D1931C7C19E600557130 /* GMUClusterManager.h */,
				02B36A9D1D124FD900EA3A86 /* GMUClusterManager+Testing.h */,
				0242D1941C7C19E600557130 /* GMUClusterManager.m */,
				02B36AE81D1A640E00EA3A86 /* GMUMarkerClustering.h */,
				0242D1951C7C19E600557130 /* GMUStaticCluster.h */,
				0242D1961C7C19E600557130 /* GMUStaticCluster.m */,
				0242D19E1C7C19E600557130 /* View */,
			);
			name = Clustering;
			path = ../src/Clustering;
			sourceTree = "<group>";
		};
		0242D18B1C7C19E600557130 /* Algo */ = {
			isa = PBXGroup;
			children = (
				0242D18C1C7C19E600557130 /* GMUClusterAlgorithm.h */,
				0242D18D1C7C19E600557130 /* GMUGridBasedClusterAlgorithm.h */,
				0242D18E1C7C19E600557130 /* GMUGridBasedClusterAlgorithm.m */,
				0233207B1CACF991008024F2 /* GMUNonHierarchicalDistanceBasedAlgorithm.h */,
				0233207C1CACF991008024F2 /* GMUNonHierarchicalDistanceBasedAlgorithm.m */,
				0242D18F1C7C19E600557130 /* GMUSimpleClusterAlgorithm.h */,
				0242D1901C7C19E600557130 /* GMUSimpleClusterAlgorithm.m */,
				023320811CB20086008024F2 /* GMUWrappingDictionaryKey.h */,
				023320821CB20086008024F2 /* GMUWrappingDictionaryKey.m */,
			);
			path = Algo;
			sourceTree = "<group>";
		};
		0242D19E1C7C19E600557130 /* View */ = {
			isa = PBXGroup;
			children = (
				0242D19F1C7C19E600557130 /* GMUClusterIconGenerator.h */,
				0242D1A01C7C19E600557130 /* GMUClusterRenderer.h */,
				0242D1A11C7C19E600557130 /* GMUDefaultClusterIconGenerator.h */,
				02B36A9E1D1253C100EA3A86 /* GMUDefaultClusterIconGenerator+Testing.h */,
				0242D1A21C7C19E600557130 /* GMUDefaultClusterIconGenerator.m */,
				0242D1A31C7C19E600557130 /* GMUDefaultClusterRenderer.h */,
				02B36A9F1D125E7A00EA3A86 /* GMUDefaultClusterRenderer+Testing.h */,
				0242D1A41C7C19E600557130 /* GMUDefaultClusterRenderer.m */,
			);
			path = View;
			sourceTree = "<group>";
		};
		0242D1AB1C7C19F700557130 /* QuadTree */ = {
			isa = PBXGroup;
			children = (
				0242D1AC1C7C19F700557130 /* GQTBounds.h */,
				0242D1AD1C7C19F700557130 /* GQTPoint.h */,
				0242D1AE1C7C19F700557130 /* GQTPointQuadTree.h */,
				0242D1AF1C7C19F700557130 /* GQTPointQuadTree.m */,
				0242D1B01C7C19F700557130 /* GQTPointQuadTreeChild.h */,
				0242D1B11C7C19F700557130 /* GQTPointQuadTreeChild.m */,
				0242D1B21C7C19F700557130 /* GQTPointQuadTreeItem.h */,
			);
			name = QuadTree;
			path = ../src/QuadTree;
			sourceTree = "<group>";
		};
		0242D1B51C7C1A2100557130 /* App */ = {
			isa = PBXGroup;
			children = (
				028A1BBB1D9A39CA00C4A4FF /* AppApiKey.h */,
				02F87BE61D20B53B00C65016 /* AppDelegate.h */,
				02F87BE51D20B53B00C65016 /* AppDelegate.m */,
				02F87BEF1D20B53B00C65016 /* Base.lproj */,
				02F87BE11D20B53B00C65016 /* BasicViewController.h */,
				02F87BE01D20B53B00C65016 /* BasicViewController.m */,
				0229C0FB1D9B4C0800551202 /* CustomMarkerViewController.h */,
				0229C0FC1D9B4C0800551202 /* CustomMarkerViewController.m */,
				3491C8451E5D2D5300A2FA04 /* GeoJSONViewController.h */,
				3491C8461E5D2D5300A2FA04 /* GeoJSONViewController.m */,
				B4F9453B1F02181900FBF534 /* HeatmapViewController.h */,
				B4F9453A1F02181900FBF534 /* HeatmapViewController.m */,
				02F87BEE1D20B53B00C65016 /* Info.plist */,
				3491C8471E5D2D5300A2FA04 /* KMLViewController.h */,
				3491C8481E5D2D5300A2FA04 /* KMLViewController.m */,
				02F87BE41D20B53B00C65016 /* main.m */,
				029EAC2E1D9A353D00797AE7 /* MasterViewController.h */,
				029EAC2F1D9A353D00797AE7 /* MasterViewController.m */,
				02F87BE31D20B53B00C65016 /* POIItem.h */,
				02F87BE21D20B53B00C65016 /* POIItem.m */,
				02F87BE71D20B53B00C65016 /* Resources */,
				028A1BBC1D9A3B1900C4A4FF /* Samples.h */,
				028A1BBD1D9A3B1900C4A4FF /* Samples.m */,
			);
			name = App;
			sourceTree = "<group>";
		};
		0242D2101C7E752B00557130 /* Test */ = {
			isa = PBXGroup;
			children = (
				02847D031CF404AD00508850 /* Common */,
				3491C8121E5D1A1000A2FA04 /* Resources */,
				0242D2141C7E758F00557130 /* Unit */,
			);
			name = Test;
			sourceTree = "<group>";
		};
		0242D2141C7E758F00557130 /* Unit */ = {
			isa = PBXGroup;
			children = (
				0242D2151C7E759D00557130 /* Clustering */,
				3491C7E31E5D18A100A2FA04 /* Geometry */,
				02DEA4C41CFBBFE900ACF7D8 /* QuadTree */,
			);
			name = Unit;
			sourceTree = "<group>";
		};
		0242D2151C7E759D00557130 /* Clustering */ = {
			isa = PBXGroup;
			children = (
				0245B5891CED783900ABBB7D /* Algo */,
				02847D001CF3F5D100508850 /* View */,
				0242D2161C7E759D00557130 /* GMUStaticClusterTest.m */,
				02847D0B1CF5239900508850 /* GMUClusterManagerTest.m */,
			);
			name = Clustering;
			path = ../test/unit/Clustering;
			sourceTree = "<group>";
		};
		0245B5891CED783900ABBB7D /* Algo */ = {
			isa = PBXGroup;
			children = (
				0245B5911CEEE93200ABBB7D /* GMUClusterAlgorithmTest.h */,
				0245B58F1CEEE8E900ABBB7D /* GMUClusterAlgorithmTest.m */,
				0245B58D1CEED4CB00ABBB7D /* GMUGridBasedClusterAlgorithmTest.m */,
				02847CFE1CF2949700508850 /* GMUNonHierarchicalDistanceBasedAlgorithmTest.m */,
				0245B58B1CED786A00ABBB7D /* GMUWrappingDictionaryKeyTest.m */,
			);
			name = Algo;
			sourceTree = "<group>";
		};
		02847D001CF3F5D100508850 /* View */ = {
			isa = PBXGroup;
			children = (
				02847D011CF3F61400508850 /* GMUDefaultClusterRendererTest.m */,
				02DEA4C71CFC0DDF00ACF7D8 /* GMUDefaultClusterIconGeneratorTest.m */,
			);
			name = View;
			sourceTree = "<group>";
		};
		02847D031CF404AD00508850 /* Common */ = {
			isa = PBXGroup;
			children = (
				02847D041CF404B900508850 /* Model */,
			);
			name = Common;
			sourceTree = "<group>";
		};
		02847D041CF404B900508850 /* Model */ = {
			isa = PBXGroup;
			children = (
				02847D081CF4053200508850 /* GMUTestClusterItem.h */,
				02847D091CF4053200508850 /* GMUTestClusterItem.m */,
			);
			name = Model;
			sourceTree = "<group>";
		};
		02DEA4C41CFBBFE900ACF7D8 /* QuadTree */ = {
			isa = PBXGroup;
			children = (
				02DEA4C51CFBC0B900ACF7D8 /* GQTPointQuadTreeTest.m */,
			);
			name = QuadTree;
			sourceTree = "<group>";
		};
		02F87BE71D20B53B00C65016 /* Resources */ = {
			isa = PBXGroup;
			children = (
				3491C84B1E5D2DB200A2FA04 /* GeoJSON */,
				02F87BE81D20B53B00C65016 /* Images */,
				3491C84D1E5D2DB200A2FA04 /* KML */,
			);
			name = Resources;
			path = ../app/Resources;
			sourceTree = "<group>";
		};
		02F87BE81D20B53B00C65016 /* Images */ = {
			isa = PBXGroup;
			children = (
				02F87BE91D20B53B00C65016 /* m1.png */,
				02F87BEA1D20B53B00C65016 /* m2.png */,
				02F87BEB1D20B53B00C65016 /* m3.png */,
				02F87BEC1D20B53B00C65016 /* m4.png */,
				02F87BED1D20B53B00C65016 /* m5.png */,
			);
			path = Images;
			sourceTree = "<group>";
		};
		02F87BEF1D20B53B00C65016 /* Base.lproj */ = {
			isa = PBXGroup;
			children = (
				02F87BF01D20B53B00C65016 /* LaunchScreen.storyboard */,
				02F87BF21D20B53B00C65016 /* Main.storyboard */,
			);
			name = Base.lproj;
			path = ../app/Base.lproj;
			sourceTree = "<group>";
		};
		3491C7BD1E5D184A00A2FA04 /* Geometry */ = {
			isa = PBXGroup;
			children = (
				3491C7C51E5D184A00A2FA04 /* Model */,
				3491C7BE1E5D184A00A2FA04 /* GMUGeoJSONParser.h */,
				3491C7BF1E5D184A00A2FA04 /* GMUGeoJSONParser.m */,
				3491C7C01E5D184A00A2FA04 /* GMUGeometryRenderer+Testing.h */,
				3491C7C11E5D184A00A2FA04 /* GMUGeometryRenderer.h */,
				3491C7C21E5D184A00A2FA04 /* GMUGeometryRenderer.m */,
				3491C7C31E5D184A00A2FA04 /* GMUKMLParser.h */,
				3491C7C41E5D184A00A2FA04 /* GMUKMLParser.m */,
			);
			name = Geometry;
			path = ../src/Geometry;
			sourceTree = "<group>";
		};
		3491C7C51E5D184A00A2FA04 /* Model */ = {
			isa = PBXGroup;
			children = (
				3491C7C61E5D184A00A2FA04 /* GMUFeature.h */,
				3491C7C71E5D184A00A2FA04 /* GMUFeature.m */,
				3491C7C81E5D184A00A2FA04 /* GMUGeometry.h */,
				3491C7C91E5D184A00A2FA04 /* GMUGeometryCollection.h */,
				3491C7CA1E5D184A00A2FA04 /* GMUGeometryCollection.m */,
				3491C7CB1E5D184A00A2FA04 /* GMUGeometryContainer.h */,
				3491C7CC1E5D184A00A2FA04 /* GMUGroundOverlay.h */,
				3491C7CD1E5D184A00A2FA04 /* GMUGroundOverlay.m */,
				3491C7CE1E5D184A00A2FA04 /* GMULineString.h */,
				3491C7CF1E5D184A00A2FA04 /* GMULineString.m */,
				3491C7D01E5D184A00A2FA04 /* GMUPlacemark.h */,
				3491C7D11E5D184A00A2FA04 /* GMUPlacemark.m */,
				3491C7D21E5D184A00A2FA04 /* GMUPoint.h */,
				3491C7D31E5D184A00A2FA04 /* GMUPoint.m */,
				3491C7D41E5D184A00A2FA04 /* GMUPolygon.h */,
				3491C7D51E5D184A00A2FA04 /* GMUPolygon.m */,
				3491C7D61E5D184A00A2FA04 /* GMUStyle.h */,
				3491C7D71E5D184A00A2FA04 /* GMUStyle.m */,
			);
			path = Model;
			sourceTree = "<group>";
		};
		3491C7E31E5D18A100A2FA04 /* Geometry */ = {
			isa = PBXGroup;
			children = (
				3491C7FA1E5D18B000A2FA04 /* Model */,
				3491C7E51E5D18A100A2FA04 /* GMUGeoJSONParserTest.m */,
				3491C7E71E5D18A100A2FA04 /* GMUGeometryRendererTest.m */,
				3491C7E91E5D18A100A2FA04 /* GMUKMLParserTest.m */,
			);
			name = Geometry;
			path = ../test/unit/Geometry;
			sourceTree = "<group>";
		};
		3491C7FA1E5D18B000A2FA04 /* Model */ = {
			isa = PBXGroup;
			children = (
				3491C7E41E5D18A100A2FA04 /* GMUFeatureTest.m */,
				3491C7E61E5D18A100A2FA04 /* GMUGeometryCollectionTest.m */,
				3491C7E81E5D18A100A2FA04 /* GMUGroundOverlayTest.m */,
				3491C7EA1E5D18A100A2FA04 /* GMULineStringTest.m */,
				3491C7EB1E5D18A100A2FA04 /* GMUPlacemarkTest.m */,
				3491C7EC1E5D18A100A2FA04 /* GMUPointTest.m */,
				3491C7ED1E5D18A100A2FA04 /* GMUPolygonTest.m */,
				3491C7EE1E5D18A100A2FA04 /* GMUStyleTest.mm */,
			);
			name = Model;
			sourceTree = "<group>";
		};
		3491C8121E5D1A1000A2FA04 /* Resources */ = {
			isa = PBXGroup;
			children = (
				3491C8131E5D1A1000A2FA04 /* GeoJSON */,
				3491C81D1E5D1A1000A2FA04 /* KML */,
			);
			name = Resources;
			path = ../test/resources;
			sourceTree = "<group>";
		};
		3491C8131E5D1A1000A2FA04 /* GeoJSON */ = {
			isa = PBXGroup;
			children = (
				3491C8141E5D1A1000A2FA04 /* GeoJSON_Feature_Test.geojson */,
				3491C8151E5D1A1000A2FA04 /* GeoJSON_FeatureCollection_Test.geojson */,
				3491C8161E5D1A1000A2FA04 /* GeoJSON_GeometryCollection_Test.geojson */,
				3491C8171E5D1A1000A2FA04 /* GeoJSON_LineString_Test.geojson */,
				3491C8181E5D1A1000A2FA04 /* GeoJSON_MultiLineString_Test.geojson */,
				3491C8191E5D1A1000A2FA04 /* GeoJSON_MultiPoint_Test.geojson */,
				3491C81A1E5D1A1000A2FA04 /* GeoJSON_MultiPolygon_Test.geojson */,
				3491C81B1E5D1A1000A2FA04 /* GeoJSON_Point_Test.geojson */,
				3491C81C1E5D1A1000A2FA04 /* GeoJSON_Polygon_Test.geojson */,
			);
			path = GeoJSON;
			sourceTree = "<group>";
		};
		3491C81D1E5D1A1000A2FA04 /* KML */ = {
			isa = PBXGroup;
			children = (
				3491C81E1E5D1A1000A2FA04 /* KML_GroundOverlay_Test.kml */,
				3491C81F1E5D1A1000A2FA04 /* KML_LineString_Test.kml */,
				3491C8201E5D1A1000A2FA04 /* KML_MultiGeometry_Test.kml */,
				3491C8211E5D1A1000A2FA04 /* KML_Placemark_Test.kml */,
				3491C8221E5D1A1000A2FA04 /* KML_Point_Test.kml */,
				3491C8231E5D1A1000A2FA04 /* KML_Polygon_Test.kml */,
				3491C8241E5D1A1000A2FA04 /* KML_Style_Test.kml */,
			);
			path = KML;
			sourceTree = "<group>";
		};
		3491C84B1E5D2DB200A2FA04 /* GeoJSON */ = {
			isa = PBXGroup;
			children = (
				3491C84C1E5D2DB200A2FA04 /* GeoJSON_Sample.geojson */,
			);
			path = GeoJSON;
			sourceTree = "<group>";
		};
		3491C84D1E5D2DB200A2FA04 /* KML */ = {
			isa = PBXGroup;
			children = (
				3491C84E1E5D2DB200A2FA04 /* KML_Sample.kml */,
			);
			path = KML;
			sourceTree = "<group>";
		};
		456BADDE8195197F06EDEE32 /* Frameworks */ = {
			isa = PBXGroup;
			children = (
				50EB71F39B4F31FF9127AD8B /* libPods-UnitTest.a */,
				662F6FAE156096701716AEEC /* libPods-DevApp.a */,
			);
			name = Frameworks;
			sourceTree = "<group>";
		};
		6C7B7BB481303A2DDF543C73 /* Pods */ = {
			isa = PBXGroup;
			children = (
				043A473A3B5B27C4AF01E536 /* Pods-DevApp.debug.xcconfig */,
				EF75722FCCF71E3F0611D17F /* Pods-DevApp.release.xcconfig */,
				5E708BD83DBC2004DAEB2D44 /* Pods-UnitTest.debug.xcconfig */,
				3F9C6AB6446AF0E3F055FDF1 /* Pods-UnitTest.release.xcconfig */,
			);
			name = Pods;
			sourceTree = "<group>";
		};
		B4288AFD1F02177100198676 /* Heatmap */ = {
			isa = PBXGroup;
			children = (
				B4F945331F02180900FBF534 /* GMUGradient.h */,
				B4F945351F02180900FBF534 /* GMUGradient.m */,
				B4F945311F02180900FBF534 /* GMUHeatmapTileLayer.h */,
				B4F945321F02180900FBF534 /* GMUHeatmapTileLayer.m */,
				B4F945341F02180900FBF534 /* GMUWeightedLatLng.h */,
				B4F945361F02180900FBF534 /* GMUWeightedLatLng.m */,
			);
			name = Heatmap;
			path = ../src/Heatmap;
			sourceTree = "<group>";
		};
/* End PBXGroup section */

/* Begin PBXNativeTarget section */
		0242D1791C7C16A400557130 /* GoogleMapsUtils */ = {
			isa = PBXNativeTarget;
			buildConfigurationList = 0242D1831C7C16A400557130 /* Build configuration list for PBXNativeTarget "GoogleMapsUtils" */;
			buildPhases = (
				0242D1761C7C16A400557130 /* Sources */,
				0242D1771C7C16A400557130 /* Frameworks */,
				0242D1781C7C16A400557130 /* CopyFiles */,
			);
			buildRules = (
			);
			dependencies = (
			);
			name = GoogleMapsUtils;
			productName = GoogleMapsUtils;
			productReference = 0242D17A1C7C16A400557130 /* libGoogleMapsUtils.a */;
			productType = "com.apple.product-type.library.static";
		};
		0242D1CB1C7C1C1F00557130 /* DevApp */ = {
			isa = PBXNativeTarget;
			buildConfigurationList = 0242D1E01C7C1C1F00557130 /* Build configuration list for PBXNativeTarget "DevApp" */;
			buildPhases = (
				EFE3051142D4EFE6BF973A90 /* [CP] Check Pods Manifest.lock */,
				0242D1C81C7C1C1F00557130 /* Sources */,
				0242D1C91C7C1C1F00557130 /* Frameworks */,
				0242D1CA1C7C1C1F00557130 /* Resources */,
				0242D1EE1C7C1DA100557130 /* [CP] Copy Pods Resources */,
				E84278B72CDE3575AD7B6524 /* [CP] Embed Pods Frameworks */,
			);
			buildRules = (
			);
			dependencies = (
				0242D1E81C7C1CB900557130 /* PBXTargetDependency */,
			);
			name = DevApp;
			productName = ExampleApp;
			productReference = 0242D1CC1C7C1C1F00557130 /* DevApp.app */;
			productType = "com.apple.product-type.application";
		};
		0242D1FD1C7D3AC300557130 /* UnitTest */ = {
			isa = PBXNativeTarget;
			buildConfigurationList = 0242D2061C7D3AC300557130 /* Build configuration list for PBXNativeTarget "UnitTest" */;
			buildPhases = (
				0F8C77C29BC20FDF9A86AAD3 /* [CP] Check Pods Manifest.lock */,
				0242D1FA1C7D3AC300557130 /* Sources */,
				0242D1FB1C7D3AC300557130 /* Frameworks */,
				0242D1FC1C7D3AC300557130 /* Resources */,
				A0C45CB836CAEA392A23DFAF /* [CP] Embed Pods Frameworks */,
				B8127CEBA35B34A191546CA3 /* [CP] Copy Pods Resources */,
			);
			buildRules = (
			);
			dependencies = (
				0242D2051C7D3AC300557130 /* PBXTargetDependency */,
			);
			name = UnitTest;
			productName = Test;
			productReference = 0242D1FE1C7D3AC300557130 /* UnitTest.xctest */;
			productType = "com.apple.product-type.bundle.unit-test";
		};
/* End PBXNativeTarget section */

/* Begin PBXProject section */
		0242D1721C7C16A400557130 /* Project object */ = {
			isa = PBXProject;
			attributes = {
				LastUpgradeCheck = 0720;
				ORGANIZATIONNAME = Google;
				TargetAttributes = {
					0242D1791C7C16A400557130 = {
						CreatedOnToolsVersion = 7.2.1;
					};
					0242D1CB1C7C1C1F00557130 = {
						CreatedOnToolsVersion = 7.2.1;
					};
					0242D1FD1C7D3AC300557130 = {
						CreatedOnToolsVersion = 7.2.1;
					};
				};
			};
			buildConfigurationList = 0242D1751C7C16A400557130 /* Build configuration list for PBXProject "GoogleMapsUtils" */;
			compatibilityVersion = "Xcode 3.2";
			developmentRegion = English;
			hasScannedForEncodings = 0;
			knownRegions = (
				en,
				Base,
			);
			mainGroup = 0242D1711C7C16A400557130;
			productRefGroup = 0242D17B1C7C16A400557130 /* Products */;
			projectDirPath = "";
			projectRoot = "";
			targets = (
				0242D1CB1C7C1C1F00557130 /* DevApp */,
				0242D1791C7C16A400557130 /* GoogleMapsUtils */,
				0242D1FD1C7D3AC300557130 /* UnitTest */,
			);
		};
/* End PBXProject section */

/* Begin PBXResourcesBuildPhase section */
		0242D1CA1C7C1C1F00557130 /* Resources */ = {
			isa = PBXResourcesBuildPhase;
			buildActionMask = 2147483647;
			files = (
				02F87C081D20B68F00C65016 /* Main.storyboard in Resources */,
				3491C8501E5D2DB200A2FA04 /* KML_Sample.kml in Resources */,
				02F87C011D20B64100C65016 /* m5.png in Resources */,
				02F87BFE1D20B64100C65016 /* m2.png in Resources */,
				02F87BFD1D20B63D00C65016 /* m1.png in Resources */,
				02F87C071D20B68F00C65016 /* LaunchScreen.storyboard in Resources */,
				0229C0FA1D9A461000551202 /* GMU-DevApp.debug.xcconfig in Resources */,
				02BB27601D741A5300DE1EF0 /* GMU-Target.common.xcconfig in Resources */,
				02F87C001D20B64100C65016 /* m4.png in Resources */,
				02F87BFF1D20B64100C65016 /* m3.png in Resources */,
				3491C84F1E5D2DB200A2FA04 /* GeoJSON_Sample.geojson in Resources */,
				0229C0F91D9A461000551202 /* GMU-DevApp.release.xcconfig in Resources */,
			);
			runOnlyForDeploymentPostprocessing = 0;
		};
		0242D1FC1C7D3AC300557130 /* Resources */ = {
			isa = PBXResourcesBuildPhase;
			buildActionMask = 2147483647;
			files = (
				3491C8381E5D1A1D00A2FA04 /* GeoJSON_LineString_Test.geojson in Resources */,
				3491C8371E5D1A1D00A2FA04 /* GeoJSON_GeometryCollection_Test.geojson in Resources */,
				3491C83C1E5D1A1D00A2FA04 /* GeoJSON_Point_Test.geojson in Resources */,
				3491C8361E5D1A1D00A2FA04 /* GeoJSON_FeatureCollection_Test.geojson in Resources */,
				3491C83B1E5D1A1D00A2FA04 /* GeoJSON_MultiPolygon_Test.geojson in Resources */,
				3491C8401E5D1A2100A2FA04 /* KML_MultiGeometry_Test.kml in Resources */,
				3491C8351E5D1A1D00A2FA04 /* GeoJSON_Feature_Test.geojson in Resources */,
				3491C8441E5D1A2200A2FA04 /* KML_Style_Test.kml in Resources */,
				3491C83F1E5D1A2100A2FA04 /* KML_LineString_Test.kml in Resources */,
				3491C8421E5D1A2100A2FA04 /* KML_Point_Test.kml in Resources */,
				3491C83A1E5D1A1D00A2FA04 /* GeoJSON_MultiPoint_Test.geojson in Resources */,
				3491C83E1E5D1A2100A2FA04 /* KML_GroundOverlay_Test.kml in Resources */,
				3491C8391E5D1A1D00A2FA04 /* GeoJSON_MultiLineString_Test.geojson in Resources */,
				3491C8431E5D1A2200A2FA04 /* KML_Polygon_Test.kml in Resources */,
				3491C83D1E5D1A1D00A2FA04 /* GeoJSON_Polygon_Test.geojson in Resources */,
				3491C8411E5D1A2100A2FA04 /* KML_Placemark_Test.kml in Resources */,
			);
			runOnlyForDeploymentPostprocessing = 0;
		};
/* End PBXResourcesBuildPhase section */

/* Begin PBXShellScriptBuildPhase section */
		0242D1EE1C7C1DA100557130 /* [CP] Copy Pods Resources */ = {
			isa = PBXShellScriptBuildPhase;
			buildActionMask = 2147483647;
			files = (
			);
			inputPaths = (
			);
			name = "[CP] Copy Pods Resources";
			outputPaths = (
			);
			runOnlyForDeploymentPostprocessing = 0;
			shellPath = /bin/sh;
			shellScript = "\"${SRCROOT}/Pods/Target Support Files/Pods-DevApp/Pods-DevApp-resources.sh\"\n";
			showEnvVarsInLog = 0;
		};
		0F8C77C29BC20FDF9A86AAD3 /* [CP] Check Pods Manifest.lock */ = {
			isa = PBXShellScriptBuildPhase;
			buildActionMask = 2147483647;
			files = (
			);
			inputPaths = (
			);
			name = "[CP] Check Pods Manifest.lock";
			outputPaths = (
			);
			runOnlyForDeploymentPostprocessing = 0;
			shellPath = /bin/sh;
			shellScript = "diff \"${PODS_ROOT}/../Podfile.lock\" \"${PODS_ROOT}/Manifest.lock\" > /dev/null\nif [ $? != 0 ] ; then\n    # print error to STDERR\n    echo \"error: The sandbox is not in sync with the Podfile.lock. Run 'pod install' or update your CocoaPods installation.\" >&2\n    exit 1\nfi\n";
			showEnvVarsInLog = 0;
		};
		A0C45CB836CAEA392A23DFAF /* [CP] Embed Pods Frameworks */ = {
			isa = PBXShellScriptBuildPhase;
			buildActionMask = 2147483647;
			files = (
			);
			inputPaths = (
			);
			name = "[CP] Embed Pods Frameworks";
			outputPaths = (
			);
			runOnlyForDeploymentPostprocessing = 0;
			shellPath = /bin/sh;
			shellScript = "\"${SRCROOT}/Pods/Target Support Files/Pods-UnitTest/Pods-UnitTest-frameworks.sh\"\n";
			showEnvVarsInLog = 0;
		};
		B8127CEBA35B34A191546CA3 /* [CP] Copy Pods Resources */ = {
			isa = PBXShellScriptBuildPhase;
			buildActionMask = 2147483647;
			files = (
			);
			inputPaths = (
			);
			name = "[CP] Copy Pods Resources";
			outputPaths = (
			);
			runOnlyForDeploymentPostprocessing = 0;
			shellPath = /bin/sh;
			shellScript = "\"${SRCROOT}/Pods/Target Support Files/Pods-UnitTest/Pods-UnitTest-resources.sh\"\n";
			showEnvVarsInLog = 0;
		};
		E84278B72CDE3575AD7B6524 /* [CP] Embed Pods Frameworks */ = {
			isa = PBXShellScriptBuildPhase;
			buildActionMask = 2147483647;
			files = (
			);
			inputPaths = (
			);
			name = "[CP] Embed Pods Frameworks";
			outputPaths = (
			);
			runOnlyForDeploymentPostprocessing = 0;
			shellPath = /bin/sh;
			shellScript = "\"${SRCROOT}/Pods/Target Support Files/Pods-DevApp/Pods-DevApp-frameworks.sh\"\n";
			showEnvVarsInLog = 0;
		};
		EFE3051142D4EFE6BF973A90 /* [CP] Check Pods Manifest.lock */ = {
			isa = PBXShellScriptBuildPhase;
			buildActionMask = 2147483647;
			files = (
			);
			inputPaths = (
			);
			name = "[CP] Check Pods Manifest.lock";
			outputPaths = (
			);
			runOnlyForDeploymentPostprocessing = 0;
			shellPath = /bin/sh;
			shellScript = "diff \"${PODS_ROOT}/../Podfile.lock\" \"${PODS_ROOT}/Manifest.lock\" > /dev/null\nif [ $? != 0 ] ; then\n    # print error to STDERR\n    echo \"error: The sandbox is not in sync with the Podfile.lock. Run 'pod install' or update your CocoaPods installation.\" >&2\n    exit 1\nfi\n";
			showEnvVarsInLog = 0;
		};
/* End PBXShellScriptBuildPhase section */

/* Begin PBXSourcesBuildPhase section */
		0242D1761C7C16A400557130 /* Sources */ = {
			isa = PBXSourcesBuildPhase;
			buildActionMask = 2147483647;
			files = (
				0242D1A81C7C19E600557130 /* GMUStaticCluster.m in Sources */,
				3491C8061E5D192400A2FA04 /* GMUKMLParser.m in Sources */,
				0242D1AA1C7C19E600557130 /* GMUDefaultClusterRenderer.m in Sources */,
				0242D1B31C7C19F700557130 /* GQTPointQuadTree.m in Sources */,
				023320831CB20086008024F2 /* GMUWrappingDictionaryKey.m in Sources */,
				3491C8101E5D199500A2FA04 /* GMUStyle.m in Sources */,
				0233207D1CACF991008024F2 /* GMUNonHierarchicalDistanceBasedAlgorithm.m in Sources */,
				3491C80D1E5D198D00A2FA04 /* GMUPlacemark.m in Sources */,
				3491C80C1E5D198B00A2FA04 /* GMULineString.m in Sources */,
				0242D1A61C7C19E600557130 /* GMUSimpleClusterAlgorithm.m in Sources */,
				3491C80B1E5D198900A2FA04 /* GMUGroundOverlay.m in Sources */,
				0242D1A71C7C19E600557130 /* GMUClusterManager.m in Sources */,
				3491C8091E5D198400A2FA04 /* GMUFeature.m in Sources */,
				3491C80F1E5D199200A2FA04 /* GMUPolygon.m in Sources */,
				3491C80E1E5D199000A2FA04 /* GMUPoint.m in Sources */,
				3491C8071E5D192600A2FA04 /* GMUGeometryRenderer.m in Sources */,
				0242D1A91C7C19E600557130 /* GMUDefaultClusterIconGenerator.m in Sources */,
				3491C8081E5D192900A2FA04 /* GMUGeoJSONParser.m in Sources */,
				0242D1A51C7C19E600557130 /* GMUGridBasedClusterAlgorithm.m in Sources */,
				0242D1B41C7C19F700557130 /* GQTPointQuadTreeChild.m in Sources */,
				3491C80A1E5D198600A2FA04 /* GMUGeometryCollection.m in Sources */,
			);
			runOnlyForDeploymentPostprocessing = 0;
		};
		0242D1C81C7C1C1F00557130 /* Sources */ = {
			isa = PBXSourcesBuildPhase;
			buildActionMask = 2147483647;
			files = (
				02F87BF91D20B61000C65016 /* BasicViewController.m in Sources */,
				02F87BFA1D20B61000C65016 /* POIItem.m in Sources */,
				029EAC301D9A353D00797AE7 /* MasterViewController.m in Sources */,
				028A1BBE1D9A3B1900C4A4FF /* Samples.m in Sources */,
				3491C84A1E5D2D5300A2FA04 /* KMLViewController.m in Sources */,
				B4F9453C1F02181900FBF534 /* HeatmapViewController.m in Sources */,
				02F87BFB1D20B61000C65016 /* main.m in Sources */,
				B4F945381F02180900FBF534 /* GMUGradient.m in Sources */,
				0229C0FD1D9B4C0800551202 /* CustomMarkerViewController.m in Sources */,
				3491C8491E5D2D5300A2FA04 /* GeoJSONViewController.m in Sources */,
				B4F945371F02180900FBF534 /* GMUHeatmapTileLayer.m in Sources */,
				B4F945391F02180900FBF534 /* GMUWeightedLatLng.m in Sources */,
				02F87BFC1D20B61000C65016 /* AppDelegate.m in Sources */,
			);
			runOnlyForDeploymentPostprocessing = 0;
		};
		0242D1FA1C7D3AC300557130 /* Sources */ = {
			isa = PBXSourcesBuildPhase;
			buildActionMask = 2147483647;
			files = (
				02847D0C1CF5239900508850 /* GMUClusterManagerTest.m in Sources */,
				02DEA4C81CFC0DDF00ACF7D8 /* GMUDefaultClusterIconGeneratorTest.m in Sources */,
				3491C7FE1E5D191500A2FA04 /* GMUFeatureTest.m in Sources */,
				3491C8051E5D191500A2FA04 /* GMUStyleTest.mm in Sources */,
				0242D2171C7E759D00557130 /* GMUStaticClusterTest.m in Sources */,
				02847D021CF3F61400508850 /* GMUDefaultClusterRendererTest.m in Sources */,
				3491C7FD1E5D190D00A2FA04 /* GMUKMLParserTest.m in Sources */,
				0245B58E1CEED4CB00ABBB7D /* GMUGridBasedClusterAlgorithmTest.m in Sources */,
				02847D0A1CF4053200508850 /* GMUTestClusterItem.m in Sources */,
				3491C8041E5D191500A2FA04 /* GMUPolygonTest.m in Sources */,
				3491C8011E5D191500A2FA04 /* GMULineStringTest.m in Sources */,
				3491C7FF1E5D191500A2FA04 /* GMUGeometryCollectionTest.m in Sources */,
				3491C7FB1E5D190D00A2FA04 /* GMUGeoJSONParserTest.m in Sources */,
				02DEA4C61CFBC0B900ACF7D8 /* GQTPointQuadTreeTest.m in Sources */,
				3491C8001E5D191500A2FA04 /* GMUGroundOverlayTest.m in Sources */,
				3491C7FC1E5D190D00A2FA04 /* GMUGeometryRendererTest.m in Sources */,
				0245B5901CEEE8E900ABBB7D /* GMUClusterAlgorithmTest.m in Sources */,
				0245B58C1CED786A00ABBB7D /* GMUWrappingDictionaryKeyTest.m in Sources */,
				3491C8021E5D191500A2FA04 /* GMUPlacemarkTest.m in Sources */,
				02847CFF1CF2949700508850 /* GMUNonHierarchicalDistanceBasedAlgorithmTest.m in Sources */,
				3491C8031E5D191500A2FA04 /* GMUPointTest.m in Sources */,
			);
			runOnlyForDeploymentPostprocessing = 0;
		};
/* End PBXSourcesBuildPhase section */

/* Begin PBXTargetDependency section */
		0242D1E81C7C1CB900557130 /* PBXTargetDependency */ = {
			isa = PBXTargetDependency;
			target = 0242D1791C7C16A400557130 /* GoogleMapsUtils */;
			targetProxy = 0242D1E71C7C1CB900557130 /* PBXContainerItemProxy */;
		};
		0242D2051C7D3AC300557130 /* PBXTargetDependency */ = {
			isa = PBXTargetDependency;
			target = 0242D1791C7C16A400557130 /* GoogleMapsUtils */;
			targetProxy = 0242D2041C7D3AC300557130 /* PBXContainerItemProxy */;
		};
/* End PBXTargetDependency section */

/* Begin PBXVariantGroup section */
		02F87BF01D20B53B00C65016 /* LaunchScreen.storyboard */ = {
			isa = PBXVariantGroup;
			children = (
				02F87BF11D20B53B00C65016 /* Base */,
			);
			name = LaunchScreen.storyboard;
			sourceTree = "<group>";
		};
		02F87BF21D20B53B00C65016 /* Main.storyboard */ = {
			isa = PBXVariantGroup;
			children = (
				02F87BF31D20B53B00C65016 /* Base */,
			);
			name = Main.storyboard;
			sourceTree = "<group>";
		};
/* End PBXVariantGroup section */

/* Begin XCBuildConfiguration section */
		0242D1811C7C16A400557130 /* Debug */ = {
			isa = XCBuildConfiguration;
			buildSettings = {
				ALWAYS_SEARCH_USER_PATHS = NO;
				CLANG_CXX_LANGUAGE_STANDARD = "gnu++0x";
				CLANG_CXX_LIBRARY = "libc++";
				CLANG_ENABLE_MODULES = YES;
				CLANG_ENABLE_OBJC_ARC = YES;
				CLANG_WARN_BOOL_CONVERSION = YES;
				CLANG_WARN_CONSTANT_CONVERSION = YES;
				CLANG_WARN_DIRECT_OBJC_ISA_USAGE = YES_ERROR;
				CLANG_WARN_EMPTY_BODY = YES;
				CLANG_WARN_ENUM_CONVERSION = YES;
				CLANG_WARN_INT_CONVERSION = YES;
				CLANG_WARN_OBJC_ROOT_CLASS = YES_ERROR;
				CLANG_WARN_UNREACHABLE_CODE = YES;
				CLANG_WARN__DUPLICATE_METHOD_MATCH = YES;
				"CODE_SIGN_IDENTITY[sdk=iphoneos*]" = "iPhone Developer";
				COPY_PHASE_STRIP = NO;
				DEBUG_INFORMATION_FORMAT = dwarf;
				ENABLE_STRICT_OBJC_MSGSEND = YES;
				ENABLE_TESTABILITY = YES;
				GCC_C_LANGUAGE_STANDARD = gnu99;
				GCC_DYNAMIC_NO_PIC = NO;
				GCC_NO_COMMON_BLOCKS = YES;
				GCC_OPTIMIZATION_LEVEL = 0;
				GCC_PREPROCESSOR_DEFINITIONS = (
					"DEBUG=1",
					"$(inherited)",
				);
				GCC_WARN_64_TO_32_BIT_CONVERSION = YES;
				GCC_WARN_ABOUT_RETURN_TYPE = YES_ERROR;
				GCC_WARN_UNDECLARED_SELECTOR = YES;
				GCC_WARN_UNINITIALIZED_AUTOS = YES_AGGRESSIVE;
				GCC_WARN_UNUSED_FUNCTION = YES;
				GCC_WARN_UNUSED_VARIABLE = YES;
				MTL_ENABLE_DEBUG_INFO = YES;
				ONLY_ACTIVE_ARCH = YES;
				SDKROOT = iphoneos;
			};
			name = Debug;
		};
		0242D1821C7C16A400557130 /* Release */ = {
			isa = XCBuildConfiguration;
			buildSettings = {
				ALWAYS_SEARCH_USER_PATHS = NO;
				CLANG_CXX_LANGUAGE_STANDARD = "gnu++0x";
				CLANG_CXX_LIBRARY = "libc++";
				CLANG_ENABLE_MODULES = YES;
				CLANG_ENABLE_OBJC_ARC = YES;
				CLANG_WARN_BOOL_CONVERSION = YES;
				CLANG_WARN_CONSTANT_CONVERSION = YES;
				CLANG_WARN_DIRECT_OBJC_ISA_USAGE = YES_ERROR;
				CLANG_WARN_EMPTY_BODY = YES;
				CLANG_WARN_ENUM_CONVERSION = YES;
				CLANG_WARN_INT_CONVERSION = YES;
				CLANG_WARN_OBJC_ROOT_CLASS = YES_ERROR;
				CLANG_WARN_UNREACHABLE_CODE = YES;
				CLANG_WARN__DUPLICATE_METHOD_MATCH = YES;
				"CODE_SIGN_IDENTITY[sdk=iphoneos*]" = "iPhone Developer";
				COPY_PHASE_STRIP = NO;
				DEBUG_INFORMATION_FORMAT = "dwarf-with-dsym";
				ENABLE_NS_ASSERTIONS = NO;
				ENABLE_STRICT_OBJC_MSGSEND = YES;
				GCC_C_LANGUAGE_STANDARD = gnu99;
				GCC_NO_COMMON_BLOCKS = YES;
				GCC_WARN_64_TO_32_BIT_CONVERSION = YES;
				GCC_WARN_ABOUT_RETURN_TYPE = YES_ERROR;
				GCC_WARN_UNDECLARED_SELECTOR = YES;
				GCC_WARN_UNINITIALIZED_AUTOS = YES_AGGRESSIVE;
				GCC_WARN_UNUSED_FUNCTION = YES;
				GCC_WARN_UNUSED_VARIABLE = YES;
				MTL_ENABLE_DEBUG_INFO = NO;
				SDKROOT = iphoneos;
				VALIDATE_PRODUCT = YES;
			};
			name = Release;
		};
		0242D1841C7C16A400557130 /* Debug */ = {
			isa = XCBuildConfiguration;
			baseConfigurationReference = 0229C0F81D9A461000551202 /* GMU-DevApp.debug.xcconfig */;
			buildSettings = {
				OTHER_LDFLAGS = "-ObjC";
				PRODUCT_NAME = "$(TARGET_NAME)";
				SKIP_INSTALL = YES;
			};
			name = Debug;
		};
		0242D1851C7C16A400557130 /* Release */ = {
			isa = XCBuildConfiguration;
			baseConfigurationReference = 0229C0F71D9A461000551202 /* GMU-DevApp.release.xcconfig */;
			buildSettings = {
				OTHER_LDFLAGS = "-ObjC";
				PRODUCT_NAME = "$(TARGET_NAME)";
				SKIP_INSTALL = YES;
			};
			name = Release;
		};
		0242D1E11C7C1C1F00557130 /* Debug */ = {
			isa = XCBuildConfiguration;
			baseConfigurationReference = 0229C0F81D9A461000551202 /* GMU-DevApp.debug.xcconfig */;
			buildSettings = {
				ASSETCATALOG_COMPILER_APPICON_NAME = AppIcon;
				INFOPLIST_FILE = "$(SRCROOT)/../app/Info.plist";
				IPHONEOS_DEPLOYMENT_TARGET = 8.0;
				LD_RUNPATH_SEARCH_PATHS = "$(inherited) @executable_path/Frameworks";
				PRODUCT_BUNDLE_IDENTIFIER = com.google.gmsutils.DevApp;
				PRODUCT_NAME = "$(TARGET_NAME)";
				TARGETED_DEVICE_FAMILY = "1,2";
			};
			name = Debug;
		};
		0242D1E21C7C1C1F00557130 /* Release */ = {
			isa = XCBuildConfiguration;
			baseConfigurationReference = 0229C0F71D9A461000551202 /* GMU-DevApp.release.xcconfig */;
			buildSettings = {
				ASSETCATALOG_COMPILER_APPICON_NAME = AppIcon;
				INFOPLIST_FILE = "$(SRCROOT)/../app/Info.plist";
				IPHONEOS_DEPLOYMENT_TARGET = 8.0;
				LD_RUNPATH_SEARCH_PATHS = "$(inherited) @executable_path/Frameworks";
				LIBRARY_SEARCH_PATHS = (
					"$(inherited)",
					"$(PROJECT_DIR)/build/Debug-iphoneos/OCMock",
				);
				OTHER_LDFLAGS = (
					"$(inherited)",
					"-ObjC",
					"-l\"c++\"",
					"-l\"z\"",
					"-framework",
					"\"Accelerate\"",
					"-framework",
					"\"CoreData\"",
					"-framework",
					"\"CoreGraphics\"",
					"-framework",
					"\"CoreLocation\"",
					"-framework",
					"\"CoreText\"",
					"-framework",
					"\"GLKit\"",
					"-framework",
					"\"GoogleMaps\"",
					"-framework",
					"\"GoogleMapsBase\"",
					"-framework",
					"\"GoogleMapsCore\"",
					"-framework",
					"\"ImageIO\"",
					"-framework",
					"\"OpenGLES\"",
					"-framework",
					"\"QuartzCore\"",
					"-framework",
					"\"SystemConfiguration\"",
					"-framework",
					"\"UIKit\"",
				);
				PRODUCT_BUNDLE_IDENTIFIER = com.google.gmsutils.DevApp;
				PRODUCT_NAME = "$(TARGET_NAME)";
				TARGETED_DEVICE_FAMILY = "1,2";
			};
			name = Release;
		};
		0242D2071C7D3AC300557130 /* Debug */ = {
			isa = XCBuildConfiguration;
			baseConfigurationReference = 0242D1871C7C18CA00557130 /* GMU-UnitTest.debug.xcconfig */;
			buildSettings = {
				LD_RUNPATH_SEARCH_PATHS = "$(inherited) @executable_path/Frameworks @loader_path/Frameworks";
				LIBRARY_SEARCH_PATHS = (
					"$(inherited)",
					"$(PROJECT_DIR)/build/Debug-iphoneos",
				);
				PRODUCT_BUNDLE_IDENTIFIER = com.google.gmsutils.Test;
				PRODUCT_NAME = "$(TARGET_NAME)";
			};
			name = Debug;
		};
		0242D2081C7D3AC300557130 /* Release */ = {
			isa = XCBuildConfiguration;
			baseConfigurationReference = 0242D20F1C7E72C500557130 /* GMU-UnitTest.release.xcconfig */;
			buildSettings = {
				LD_RUNPATH_SEARCH_PATHS = "$(inherited) @executable_path/Frameworks @loader_path/Frameworks";
				LIBRARY_SEARCH_PATHS = (
					"$(inherited)",
					"$(PROJECT_DIR)/build/Debug-iphoneos",
				);
				PRODUCT_BUNDLE_IDENTIFIER = com.google.gmsutils.Test;
				PRODUCT_NAME = "$(TARGET_NAME)";
			};
			name = Release;
		};
/* End XCBuildConfiguration section */

/* Begin XCConfigurationList section */
		0242D1751C7C16A400557130 /* Build configuration list for PBXProject "GoogleMapsUtils" */ = {
			isa = XCConfigurationList;
			buildConfigurations = (
				0242D1811C7C16A400557130 /* Debug */,
				0242D1821C7C16A400557130 /* Release */,
			);
			defaultConfigurationIsVisible = 0;
			defaultConfigurationName = Release;
		};
		0242D1831C7C16A400557130 /* Build configuration list for PBXNativeTarget "GoogleMapsUtils" */ = {
			isa = XCConfigurationList;
			buildConfigurations = (
				0242D1841C7C16A400557130 /* Debug */,
				0242D1851C7C16A400557130 /* Release */,
			);
			defaultConfigurationIsVisible = 0;
			defaultConfigurationName = Release;
		};
		0242D1E01C7C1C1F00557130 /* Build configuration list for PBXNativeTarget "DevApp" */ = {
			isa = XCConfigurationList;
			buildConfigurations = (
				0242D1E11C7C1C1F00557130 /* Debug */,
				0242D1E21C7C1C1F00557130 /* Release */,
			);
			defaultConfigurationIsVisible = 0;
			defaultConfigurationName = Release;
		};
		0242D2061C7D3AC300557130 /* Build configuration list for PBXNativeTarget "UnitTest" */ = {
			isa = XCConfigurationList;
			buildConfigurations = (
				0242D2071C7D3AC300557130 /* Debug */,
				0242D2081C7D3AC300557130 /* Release */,
			);
			defaultConfigurationIsVisible = 0;
			defaultConfigurationName = Release;
		};
/* End XCConfigurationList section */
	};
	rootObject = 0242D1721C7C16A400557130 /* Project object */;
}
